{
  "version": 4,
  "terraform_version": "1.2.4",
  "serial": 65,
  "lineage": "c68a13b7-762c-2410-0615-9e0e5a5023c8",
  "outputs": {},
  "resources": [
    {
      "module": "module.includes",
      "mode": "data",
      "type": "aws_availability_zones",
      "name": "available",
      "provider": "provider[\"registry.terraform.io/hashicorp/aws\"]",
      "instances": [
        {
          "schema_version": 0,
          "attributes": {
            "all_availability_zones": null,
            "exclude_names": null,
            "exclude_zone_ids": null,
            "filter": null,
            "group_names": [
              "us-east-1"
            ],
            "id": "us-east-1",
            "names": [
              "us-east-1a",
              "us-east-1b",
              "us-east-1c",
              "us-east-1d",
              "us-east-1e",
              "us-east-1f"
            ],
            "state": null,
            "zone_ids": [
              "use1-az6",
              "use1-az1",
              "use1-az2",
              "use1-az4",
              "use1-az3",
              "use1-az5"
            ]
          },
          "sensitive_attributes": []
        }
      ]
    },
    {
      "module": "module.includes",
      "mode": "data",
      "type": "aws_eks_cluster",
      "name": "cluster",
      "provider": "provider[\"registry.terraform.io/hashicorp/aws\"]",
      "instances": [
        {
          "schema_version": 0,
          "attributes": {
            "arn": "arn:aws:eks:us-east-1:021770407384:cluster/snyk-demo-eks-2ec99KG6",
            "certificate_authority": [
              {
                "data": "LS0tLS1CRUdJTiBDRVJUSUZJQ0FURS0tLS0tCk1JSUM1ekNDQWMrZ0F3SUJBZ0lCQURBTkJna3Foa2lHOXcwQkFRc0ZBREFWTVJNd0VRWURWUVFERXdwcmRXSmwKY201bGRHVnpNQjRYRFRJek1ESXhOakUzTXpJME1Wb1hEVE16TURJeE16RTNNekkwTVZvd0ZURVRNQkVHQTFVRQpBeE1LYTNWaVpYSnVaWFJsY3pDQ0FTSXdEUVlKS29aSWh2Y05BUUVCQlFBRGdnRVBBRENDQVFvQ2dnRUJBTFhUCnc2NlV1cG1UZDZnMDE1eEFVREN3SEw1Z0c0NEN5akQwNi9uOEx2R29KaUxJOW9jOEFyd1pld2VoaHgyNGtyaUYKR0gwSE1neWsvbHFPSFhqd3BqZGlNVTdJTG43RGo2ei9EL2FlYld2bGYvVXh0dHdkQ2ZBNU1mZTZGM3VxbjdobwpHQU1pRER1SGh3RTBMQ0pGa09mbXVIOU11L2dDaFYvZGowRnFhV3JkTWFld1RPMVZJQ2VhcEhycVBYNkE5cVNhCkIxK2p4V3hITGpMS013SXdUTmltZk00cmRtVU0xYS9iNGloTXNMV0dCL1lVcFVQNlRLUkNyeU9LNkh3V04rOEsKZVpkNWNhN2lzUnNKSHFzcnJvZnNIV3FZYW9TdzlycVBBdFIreGRZNURubXdpK0wwU3k1UEhjNDdkYVkvUVRURgpqQ1UydWdLOUpZREZlaG9KS0M4Q0F3RUFBYU5DTUVBd0RnWURWUjBQQVFIL0JBUURBZ0trTUE4R0ExVWRFd0VCCi93UUZNQU1CQWY4d0hRWURWUjBPQkJZRUZHRGNUeVVvcngwY1BlRmpWYVFlRnRhYW5DS29NQTBHQ1NxR1NJYjMKRFFFQkN3VUFBNElCQVFCWkVKbmV2Y1VEaG9aK01BWmlEU0Y3bkZ3VXk5QW4yNUpuL1pONDFScW02SmxRY3N3WQpKUUlZRE1XSVh4a1hsNmdneVNtMkZCSHI2bjRQbkhlMzhmZnI0M1I0R3hVYjlvaHZ1MkVjcjdyaFBLVGhyR01pCkFibFJWelhHMzQvVlJMMnRaZEEvS1BWWGlCNkNKbTgvbGIvM3o2Q05Na1h6dTd2WDh5UkpSK0RwUGJwZlNCVXEKbFVNekZITWpoM1IyWlBXQzdrYUMxUmZKVW50N0x4d0d6MEt5SHc0OTh0cnQ4UnVydS9BbERWVTYwaXhDQTY1VwpxZ2xqMjkwd3phVlJkQ045UndIalJxaTkxWFdaMlo4ZGRsak4xbVppNFZqb2FJQXd2M3o4L05STnJYUFczWEYzCmNTaERreGplYy96Qm5hcTgxMnNVQTc4RW9xZmd6OTljaHRuNQotLS0tLUVORCBDRVJUSUZJQ0FURS0tLS0tCg=="
              }
            ],
            "created_at": "2023-02-16 17:26:26.611 +0000 UTC",
            "enabled_cluster_log_types": [],
            "endpoint": "https://AB47CDA3288C88C1A70532DD08BA4DEF.gr7.us-east-1.eks.amazonaws.com",
            "id": "snyk-demo-eks-2ec99KG6",
            "identity": [
              {
                "oidc": [
                  {
                    "issuer": "https://oidc.eks.us-east-1.amazonaws.com/id/AB47CDA3288C88C1A70532DD08BA4DEF"
                  }
                ]
              }
            ],
            "kubernetes_network_config": [
              {
                "service_ipv4_cidr": "172.20.0.0/16"
              }
            ],
            "name": "snyk-demo-eks-2ec99KG6",
            "platform_version": "eks.12",
            "role_arn": "arn:aws:iam::021770407384:role/snyk-demo-eks-2ec99KG620230216172603742600000003",
            "status": "ACTIVE",
            "tags": {},
            "version": "1.20",
            "vpc_config": [
              {
                "cluster_security_group_id": "sg-0d3842a1f7e2cbfb1",
                "endpoint_private_access": false,
                "endpoint_public_access": true,
                "public_access_cidrs": [
                  "0.0.0.0/0"
                ],
                "security_group_ids": [
                  "sg-012580b2db6834e10"
                ],
                "subnet_ids": [
                  "subnet-00885e34a0ac8e6fe",
                  "subnet-01752e214173f9d98",
                  "subnet-0d709d18ddfd77f73"
                ],
                "vpc_id": "vpc-0e5c7132a72c81218"
              }
            ]
          },
          "sensitive_attributes": []
        }
      ]
    },
    {
      "module": "module.includes",
      "mode": "data",
      "type": "aws_eks_cluster_auth",
      "name": "cluster",
      "provider": "provider[\"registry.terraform.io/hashicorp/aws\"]",
      "instances": [
        {
          "schema_version": 0,
          "attributes": {
            "id": "snyk-demo-eks-2ec99KG6",
            "name": "snyk-demo-eks-2ec99KG6",
            "token": "k8s-aws-v1.aHR0cHM6Ly9zdHMuYW1hem9uYXdzLmNvbS8_QWN0aW9uPUdldENhbGxlcklkZW50aXR5JlZlcnNpb249MjAxMS0wNi0xNSZYLUFtei1BbGdvcml0aG09QVdTNC1ITUFDLVNIQTI1NiZYLUFtei1DcmVkZW50aWFsPUFLSUFRS0VNNkJYTUNNTVBORFdNJTJGMjAyMzAyMTYlMkZ1cy1lYXN0LTElMkZzdHMlMkZhd3M0X3JlcXVlc3QmWC1BbXotRGF0ZT0yMDIzMDIxNlQxNzM2NTNaJlgtQW16LUV4cGlyZXM9MCZYLUFtei1TaWduZWRIZWFkZXJzPWhvc3QlM0J4LWs4cy1hd3MtaWQmWC1BbXotU2lnbmF0dXJlPWY0NTFmZjMzYzY3YzM2MDY3NGM0Y2I1YmU5ZmRhYTQzYTRlYWFjNDM3MWMyZmMzY2QyMDBmOWNkM2RiOTFlMGM"
          },
          "sensitive_attributes": []
        }
      ]
    },
    {
      "module": "module.includes",
      "mode": "managed",
      "type": "random_string",
      "name": "suffix",
      "provider": "provider[\"registry.terraform.io/hashicorp/random\"]",
      "instances": [
        {
          "schema_version": 1,
          "attributes": {
            "id": "2ec99KG6",
            "keepers": null,
            "length": 8,
            "lower": true,
            "min_lower": 0,
            "min_numeric": 0,
            "min_special": 0,
            "min_upper": 0,
            "number": true,
            "override_special": null,
            "result": "2ec99KG6",
            "special": false,
            "upper": true
          },
          "sensitive_attributes": [],
          "private": "eyJzY2hlbWFfdmVyc2lvbiI6IjEifQ==",
          "create_before_destroy": true
        }
      ]
    },
    {
      "module": "module.includes.module.eks",
      "mode": "data",
      "type": "aws_ami",
      "name": "eks_worker",
      "provider": "provider[\"registry.terraform.io/hashicorp/aws\"]",
      "instances": [
        {
          "index_key": 0,
          "schema_version": 0,
          "attributes": {
            "architecture": "x86_64",
            "arn": "arn:aws:ec2:us-east-1::image/ami-0ab1687f626a22bf5",
            "block_device_mappings": [
              {
                "device_name": "/dev/xvda",
                "ebs": {
                  "delete_on_termination": "true",
                  "encrypted": "false",
                  "iops": "0",
                  "snapshot_id": "snap-03efaa0ae1890200a",
                  "throughput": "0",
                  "volume_size": "20",
                  "volume_type": "gp2"
                },
                "no_device": "",
                "virtual_name": ""
              }
            ],
            "creation_date": "2023-01-05T17:36:08.000Z",
            "description": "EKS Kubernetes Worker AMI with AmazonLinux2 image, (k8s: 1.20.15, docker: 20.10.17-1.amzn2.0.1, containerd: 1.6.6-1.amzn2.0.2)",
            "ena_support": true,
            "executable_users": null,
            "filter": [
              {
                "name": "name",
                "values": [
                  "amazon-eks-node-1.20-v*"
                ]
              }
            ],
            "hypervisor": "xen",
            "id": "ami-0ab1687f626a22bf5",
            "image_id": "ami-0ab1687f626a22bf5",
            "image_location": "amazon/amazon-eks-node-1.20-v20230105",
            "image_owner_alias": "amazon",
            "image_type": "machine",
            "kernel_id": null,
            "most_recent": true,
            "name": "amazon-eks-node-1.20-v20230105",
            "name_regex": null,
            "owner_id": "602401143452",
            "owners": [
              "amazon"
            ],
            "platform": null,
            "platform_details": "Linux/UNIX",
            "product_codes": [],
            "public": true,
            "ramdisk_id": null,
            "root_device_name": "/dev/xvda",
            "root_device_type": "ebs",
            "root_snapshot_id": "snap-03efaa0ae1890200a",
            "sriov_net_support": "simple",
            "state": "available",
            "state_reason": {
              "code": "UNSET",
              "message": "UNSET"
            },
            "tags": {},
            "usage_operation": "RunInstances",
            "virtualization_type": "hvm"
          },
          "sensitive_attributes": []
        }
      ]
    },
    {
      "module": "module.includes.module.eks",
      "mode": "data",
      "type": "aws_caller_identity",
      "name": "current",
      "provider": "provider[\"registry.terraform.io/hashicorp/aws\"]",
      "instances": [
        {
          "schema_version": 0,
          "attributes": {
            "account_id": "021770407384",
            "arn": "arn:aws:iam::021770407384:root",
            "id": "021770407384",
            "user_id": "021770407384"
          },
          "sensitive_attributes": []
        }
      ]
    },
    {
      "module": "module.includes.module.eks",
      "mode": "data",
      "type": "aws_iam_policy_document",
      "name": "cluster_assume_role_policy",
      "provider": "provider[\"registry.terraform.io/hashicorp/aws\"]",
      "instances": [
        {
          "schema_version": 0,
          "attributes": {
            "id": "2764486067",
            "json": "{\n  \"Version\": \"2012-10-17\",\n  \"Statement\": [\n    {\n      \"Sid\": \"EKSClusterAssumeRole\",\n      \"Effect\": \"Allow\",\n      \"Action\": \"sts:AssumeRole\",\n      \"Principal\": {\n        \"Service\": \"eks.amazonaws.com\"\n      }\n    }\n  ]\n}",
            "override_json": null,
            "override_policy_documents": null,
            "policy_id": null,
            "source_json": null,
            "source_policy_documents": null,
            "statement": [
              {
                "actions": [
                  "sts:AssumeRole"
                ],
                "condition": [],
                "effect": "Allow",
                "not_actions": [],
                "not_principals": [],
                "not_resources": [],
                "principals": [
                  {
                    "identifiers": [
                      "eks.amazonaws.com"
                    ],
                    "type": "Service"
                  }
                ],
                "resources": [],
                "sid": "EKSClusterAssumeRole"
              }
            ],
            "version": "2012-10-17"
          },
          "sensitive_attributes": []
        }
      ]
    },
    {
      "module": "module.includes.module.eks",
      "mode": "data",
      "type": "aws_iam_policy_document",
      "name": "cluster_deny_log_group",
      "provider": "provider[\"registry.terraform.io/hashicorp/aws\"]",
      "instances": [
        {
          "index_key": 0,
          "schema_version": 0,
          "attributes": {
            "id": "2675893060",
            "json": "{\n  \"Version\": \"2012-10-17\",\n  \"Statement\": [\n    {\n      \"Sid\": \"\",\n      \"Effect\": \"Deny\",\n      \"Action\": \"logs:CreateLogGroup\",\n      \"Resource\": \"*\"\n    }\n  ]\n}",
            "override_json": null,
            "override_policy_documents": null,
            "policy_id": null,
            "source_json": null,
            "source_policy_documents": null,
            "statement": [
              {
                "actions": [
                  "logs:CreateLogGroup"
                ],
                "condition": [],
                "effect": "Deny",
                "not_actions": [],
                "not_principals": [],
                "not_resources": [],
                "principals": [],
                "resources": [
                  "*"
                ],
                "sid": ""
              }
            ],
            "version": "2012-10-17"
          },
          "sensitive_attributes": []
        }
      ]
    },
    {
      "module": "module.includes.module.eks",
      "mode": "data",
      "type": "aws_iam_policy_document",
      "name": "cluster_elb_sl_role_creation",
      "provider": "provider[\"registry.terraform.io/hashicorp/aws\"]",
      "instances": [
        {
          "index_key": 0,
          "schema_version": 0,
          "attributes": {
            "id": "3709839417",
            "json": "{\n  \"Version\": \"2012-10-17\",\n  \"Statement\": [\n    {\n      \"Sid\": \"\",\n      \"Effect\": \"Allow\",\n      \"Action\": [\n        \"ec2:DescribeInternetGateways\",\n        \"ec2:DescribeAddresses\",\n        \"ec2:DescribeAccountAttributes\"\n      ],\n      \"Resource\": \"*\"\n    }\n  ]\n}",
            "override_json": null,
            "override_policy_documents": null,
            "policy_id": null,
            "source_json": null,
            "source_policy_documents": null,
            "statement": [
              {
                "actions": [
                  "ec2:DescribeAccountAttributes",
                  "ec2:DescribeAddresses",
                  "ec2:DescribeInternetGateways"
                ],
                "condition": [],
                "effect": "Allow",
                "not_actions": [],
                "not_principals": [],
                "not_resources": [],
                "principals": [],
                "resources": [
                  "*"
                ],
                "sid": ""
              }
            ],
            "version": "2012-10-17"
          },
          "sensitive_attributes": []
        }
      ]
    },
    {
      "module": "module.includes.module.eks",
      "mode": "data",
      "type": "aws_iam_policy_document",
      "name": "workers_assume_role_policy",
      "provider": "provider[\"registry.terraform.io/hashicorp/aws\"]",
      "instances": [
        {
          "schema_version": 0,
          "attributes": {
            "id": "3778018924",
            "json": "{\n  \"Version\": \"2012-10-17\",\n  \"Statement\": [\n    {\n      \"Sid\": \"EKSWorkerAssumeRole\",\n      \"Effect\": \"Allow\",\n      \"Action\": \"sts:AssumeRole\",\n      \"Principal\": {\n        \"Service\": \"ec2.amazonaws.com\"\n      }\n    }\n  ]\n}",
            "override_json": null,
            "override_policy_documents": null,
            "policy_id": null,
            "source_json": null,
            "source_policy_documents": null,
            "statement": [
              {
                "actions": [
                  "sts:AssumeRole"
                ],
                "condition": [],
                "effect": "Allow",
                "not_actions": [],
                "not_principals": [],
                "not_resources": [],
                "principals": [
                  {
                    "identifiers": [
                      "ec2.amazonaws.com"
                    ],
                    "type": "Service"
                  }
                ],
                "resources": [],
                "sid": "EKSWorkerAssumeRole"
              }
            ],
            "version": "2012-10-17"
          },
          "sensitive_attributes": []
        }
      ]
    },
    {
      "module": "module.includes.module.eks",
      "mode": "data",
      "type": "aws_partition",
      "name": "current",
      "provider": "provider[\"registry.terraform.io/hashicorp/aws\"]",
      "instances": [
        {
          "schema_version": 0,
          "attributes": {
            "dns_suffix": "amazonaws.com",
            "id": "aws",
            "partition": "aws",
            "reverse_dns_prefix": "com.amazonaws"
          },
          "sensitive_attributes": []
        }
      ]
    },
    {
      "module": "module.includes.module.eks",
      "mode": "data",
      "type": "http",
      "name": "wait_for_cluster",
      "provider": "provider[\"registry.terraform.io/terraform-aws-modules/http\"]",
      "instances": [
        {
          "index_key": 0,
          "schema_version": 0,
          "attributes": {
            "body": "ok",
            "ca_certificate": "-----BEGIN CERTIFICATE-----\nMIIC5zCCAc+gAwIBAgIBADANBgkqhkiG9w0BAQsFADAVMRMwEQYDVQQDEwprdWJl\ncm5ldGVzMB4XDTIzMDIxNjE3MzI0MVoXDTMzMDIxMzE3MzI0MVowFTETMBEGA1UE\nAxMKa3ViZXJuZXRlczCCASIwDQYJKoZIhvcNAQEBBQADggEPADCCAQoCggEBALXT\nw66UupmTd6g015xAUDCwHL5gG44CyjD06/n8LvGoJiLI9oc8ArwZewehhx24kriF\nGH0HMgyk/lqOHXjwpjdiMU7ILn7Dj6z/D/aebWvlf/UxttwdCfA5Mfe6F3uqn7ho\nGAMiDDuHhwE0LCJFkOfmuH9Mu/gChV/dj0FqaWrdMaewTO1VICeapHrqPX6A9qSa\nB1+jxWxHLjLKMwIwTNimfM4rdmUM1a/b4ihMsLWGB/YUpUP6TKRCryOK6HwWN+8K\neZd5ca7isRsJHqsrrofsHWqYaoSw9rqPAtR+xdY5Dnmwi+L0Sy5PHc47daY/QTTF\njCU2ugK9JYDFehoJKC8CAwEAAaNCMEAwDgYDVR0PAQH/BAQDAgKkMA8GA1UdEwEB\n/wQFMAMBAf8wHQYDVR0OBBYEFGDcTyUorx0cPeFjVaQeFtaanCKoMA0GCSqGSIb3\nDQEBCwUAA4IBAQBZEJnevcUDhoZ+MAZiDSF7nFwUy9An25Jn/ZN41Rqm6JlQcswY\nJQIYDMWIXxkXl6ggySm2FBHr6n4PnHe38ffr43R4GxUb9ohvu2Ecr7rhPKThrGMi\nAblRVzXG34/VRL2tZdA/KPVXiB6CJm8/lb/3z6CNMkXzu7vX8yRJR+DpPbpfSBUq\nlUMzFHMjh3R2ZPWC7kaC1RfJUnt7LxwGz0KyHw498trt8Ruru/AlDVU60ixCA65W\nqglj290wzaVRdCN9RwHjRqi91XWZ2Z8ddljN1mZi4VjoaIAwv3z8/NRNrXPW3XF3\ncShDkxjec/zBnaq812sUA78Eoqfgz99chtn5\n-----END CERTIFICATE-----\n",
            "id": "https://AB47CDA3288C88C1A70532DD08BA4DEF.gr7.us-east-1.eks.amazonaws.com/healthz",
            "insecure": false,
            "request_headers": null,
            "response_headers": {
              "Cache-Control": "no-cache, private",
              "Content-Length": "2",
              "Content-Type": "text/plain; charset=utf-8",
              "Date": "Thu, 16 Feb 2023 17:36:54 GMT",
              "X-Content-Type-Options": "nosniff",
              "X-Kubernetes-Pf-Flowschema-Uid": "5a0b93ea-c2ab-4c4c-b8e4-a7f414baab7a",
              "X-Kubernetes-Pf-Prioritylevel-Uid": "41c511c2-601c-4a86-b4a3-22348fe2f620"
            },
            "timeout": 300,
            "url": "https://AB47CDA3288C88C1A70532DD08BA4DEF.gr7.us-east-1.eks.amazonaws.com/healthz"
          },
          "sensitive_attributes": []
        }
      ]
    },
    {
      "module": "module.includes.module.eks",
      "mode": "managed",
      "type": "aws_autoscaling_group",
      "name": "workers",
      "provider": "provider[\"registry.terraform.io/hashicorp/aws\"]",
      "instances": [
        {
          "index_key": 0,
          "schema_version": 0,
          "attributes": {
            "arn": "arn:aws:autoscaling:us-east-1:021770407384:autoScalingGroup:ee01d6ed-afec-4490-8c04-a4c4c713876a:autoScalingGroupName/snyk-demo-eks-2ec99KG6-worker-group-120230216173706939000000017",
            "availability_zones": [
              "us-east-1a",
              "us-east-1b",
              "us-east-1c"
            ],
            "capacity_rebalance": false,
            "default_cooldown": 300,
            "desired_capacity": 2,
            "enabled_metrics": null,
            "force_delete": false,
            "force_delete_warm_pool": false,
            "health_check_grace_period": 300,
            "health_check_type": "EC2",
            "id": "snyk-demo-eks-2ec99KG6-worker-group-120230216173706939000000017",
            "initial_lifecycle_hook": [],
            "instance_refresh": [],
            "launch_configuration": "snyk-demo-eks-2ec99KG6-worker-group-120230216173656088800000015",
            "launch_template": [],
            "load_balancers": null,
            "max_instance_lifetime": 0,
            "max_size": 3,
            "metrics_granularity": "1Minute",
            "min_elb_capacity": null,
            "min_size": 1,
            "mixed_instances_policy": [],
            "name": "snyk-demo-eks-2ec99KG6-worker-group-120230216173706939000000017",
            "name_prefix": "snyk-demo-eks-2ec99KG6-worker-group-1",
            "placement_group": "",
            "protect_from_scale_in": false,
            "service_linked_role_arn": "arn:aws:iam::021770407384:role/aws-service-role/autoscaling.amazonaws.com/AWSServiceRoleForAutoScaling",
            "suspended_processes": [
              "AZRebalance"
            ],
            "tag": [
              {
                "key": "Name",
                "propagate_at_launch": true,
                "value": "snyk-demo-eks-2ec99KG6-worker-group-1-eks_asg"
              },
              {
                "key": "k8s.io/cluster/snyk-demo-eks-2ec99KG6",
                "propagate_at_launch": true,
                "value": "owned"
              },
              {
                "key": "kubernetes.io/cluster/snyk-demo-eks-2ec99KG6",
                "propagate_at_launch": true,
                "value": "owned"
              }
            ],
            "tags": null,
            "target_group_arns": null,
            "termination_policies": [],
            "timeouts": null,
            "vpc_zone_identifier": [
              "subnet-00885e34a0ac8e6fe",
              "subnet-01752e214173f9d98",
              "subnet-0d709d18ddfd77f73"
            ],
            "wait_for_capacity_timeout": "10m",
            "wait_for_elb_capacity": null,
            "warm_pool": []
          },
          "sensitive_attributes": [],
          "private": "eyJlMmJmYjczMC1lY2FhLTExZTYtOGY4OC0zNDM2M2JjN2M0YzAiOnsiZGVsZXRlIjo2MDAwMDAwMDAwMDB9fQ==",
          "dependencies": [
            "module.includes.data.aws_availability_zones.available",
            "module.includes.module.eks.aws_cloudwatch_log_group.this",
            "module.includes.module.eks.aws_eks_cluster.this",
            "module.includes.module.eks.aws_iam_instance_profile.workers",
            "module.includes.module.eks.aws_iam_role.cluster",
            "module.includes.module.eks.aws_iam_role.workers",
            "module.includes.module.eks.aws_iam_role_policy_attachment.cluster_AmazonEKSClusterPolicy",
            "module.includes.module.eks.aws_iam_role_policy_attachment.cluster_AmazonEKSServicePolicy",
            "module.includes.module.eks.aws_iam_role_policy_attachment.cluster_AmazonEKSVPCResourceControllerPolicy",
            "module.includes.module.eks.aws_iam_role_policy_attachment.workers_AmazonEC2ContainerRegistryReadOnly",
            "module.includes.module.eks.aws_iam_role_policy_attachment.workers_AmazonEKSWorkerNodePolicy",
            "module.includes.module.eks.aws_iam_role_policy_attachment.workers_AmazonEKS_CNI_Policy",
            "module.includes.module.eks.aws_iam_role_policy_attachment.workers_additional_policies",
            "module.includes.module.eks.aws_launch_configuration.workers",
            "module.includes.module.eks.aws_security_group.cluster",
            "module.includes.module.eks.aws_security_group.workers",
            "module.includes.module.eks.aws_security_group_rule.cluster_egress_internet",
            "module.includes.module.eks.aws_security_group_rule.cluster_https_worker_ingress",
            "module.includes.module.eks.aws_security_group_rule.cluster_primary_ingress_workers",
            "module.includes.module.eks.aws_security_group_rule.workers_egress_internet",
            "module.includes.module.eks.aws_security_group_rule.workers_ingress_cluster",
            "module.includes.module.eks.aws_security_group_rule.workers_ingress_cluster_https",
            "module.includes.module.eks.aws_security_group_rule.workers_ingress_cluster_kubelet",
            "module.includes.module.eks.aws_security_group_rule.workers_ingress_cluster_primary",
            "module.includes.module.eks.aws_security_group_rule.workers_ingress_self",
            "module.includes.module.eks.data.aws_ami.eks_worker",
            "module.includes.module.eks.data.aws_ami.eks_worker_windows",
            "module.includes.module.eks.data.aws_iam_instance_profile.custom_worker_group_iam_instance_profile",
            "module.includes.module.eks.data.aws_iam_policy_document.cluster_assume_role_policy",
            "module.includes.module.eks.data.aws_iam_policy_document.workers_assume_role_policy",
            "module.includes.module.eks.data.aws_iam_role.custom_cluster_iam_role",
            "module.includes.module.eks.data.aws_partition.current",
            "module.includes.module.vpc.aws_subnet.private",
            "module.includes.module.vpc.aws_vpc.this",
            "module.includes.module.vpc.aws_vpc_ipv4_cidr_block_association.this",
            "module.includes.random_string.suffix",
            "module.sg.aws_security_group.worker_group_mgmt_one",
            "module.sg.aws_security_group.worker_group_mgmt_two"
          ],
          "create_before_destroy": true
        },
        {
          "index_key": 1,
          "schema_version": 0,
          "attributes": {
            "arn": "arn:aws:autoscaling:us-east-1:021770407384:autoScalingGroup:94eb7c2a-8563-4df1-b399-6cf9c4bb369b:autoScalingGroupName/snyk-demo-eks-2ec99KG6-worker-group-220230216173706938900000016",
            "availability_zones": [
              "us-east-1a",
              "us-east-1b",
              "us-east-1c"
            ],
            "capacity_rebalance": false,
            "default_cooldown": 300,
            "desired_capacity": 1,
            "enabled_metrics": null,
            "force_delete": false,
            "force_delete_warm_pool": false,
            "health_check_grace_period": 300,
            "health_check_type": "EC2",
            "id": "snyk-demo-eks-2ec99KG6-worker-group-220230216173706938900000016",
            "initial_lifecycle_hook": [],
            "instance_refresh": [],
            "launch_configuration": "snyk-demo-eks-2ec99KG6-worker-group-220230216173656088700000014",
            "launch_template": [],
            "load_balancers": null,
            "max_instance_lifetime": 0,
            "max_size": 3,
            "metrics_granularity": "1Minute",
            "min_elb_capacity": null,
            "min_size": 1,
            "mixed_instances_policy": [],
            "name": "snyk-demo-eks-2ec99KG6-worker-group-220230216173706938900000016",
            "name_prefix": "snyk-demo-eks-2ec99KG6-worker-group-2",
            "placement_group": "",
            "protect_from_scale_in": false,
            "service_linked_role_arn": "arn:aws:iam::021770407384:role/aws-service-role/autoscaling.amazonaws.com/AWSServiceRoleForAutoScaling",
            "suspended_processes": [
              "AZRebalance"
            ],
            "tag": [
              {
                "key": "Name",
                "propagate_at_launch": true,
                "value": "snyk-demo-eks-2ec99KG6-worker-group-2-eks_asg"
              },
              {
                "key": "k8s.io/cluster/snyk-demo-eks-2ec99KG6",
                "propagate_at_launch": true,
                "value": "owned"
              },
              {
                "key": "kubernetes.io/cluster/snyk-demo-eks-2ec99KG6",
                "propagate_at_launch": true,
                "value": "owned"
              }
            ],
            "tags": null,
            "target_group_arns": null,
            "termination_policies": [],
            "timeouts": null,
            "vpc_zone_identifier": [
              "subnet-00885e34a0ac8e6fe",
              "subnet-01752e214173f9d98",
              "subnet-0d709d18ddfd77f73"
            ],
            "wait_for_capacity_timeout": "10m",
            "wait_for_elb_capacity": null,
            "warm_pool": []
          },
          "sensitive_attributes": [],
          "private": "eyJlMmJmYjczMC1lY2FhLTExZTYtOGY4OC0zNDM2M2JjN2M0YzAiOnsiZGVsZXRlIjo2MDAwMDAwMDAwMDB9fQ==",
          "dependencies": [
            "module.includes.data.aws_availability_zones.available",
            "module.includes.module.eks.aws_cloudwatch_log_group.this",
            "module.includes.module.eks.aws_eks_cluster.this",
            "module.includes.module.eks.aws_iam_instance_profile.workers",
            "module.includes.module.eks.aws_iam_role.cluster",
            "module.includes.module.eks.aws_iam_role.workers",
            "module.includes.module.eks.aws_iam_role_policy_attachment.cluster_AmazonEKSClusterPolicy",
            "module.includes.module.eks.aws_iam_role_policy_attachment.cluster_AmazonEKSServicePolicy",
            "module.includes.module.eks.aws_iam_role_policy_attachment.cluster_AmazonEKSVPCResourceControllerPolicy",
            "module.includes.module.eks.aws_iam_role_policy_attachment.workers_AmazonEC2ContainerRegistryReadOnly",
            "module.includes.module.eks.aws_iam_role_policy_attachment.workers_AmazonEKSWorkerNodePolicy",
            "module.includes.module.eks.aws_iam_role_policy_attachment.workers_AmazonEKS_CNI_Policy",
            "module.includes.module.eks.aws_iam_role_policy_attachment.workers_additional_policies",
            "module.includes.module.eks.aws_launch_configuration.workers",
            "module.includes.module.eks.aws_security_group.cluster",
            "module.includes.module.eks.aws_security_group.workers",
            "module.includes.module.eks.aws_security_group_rule.cluster_egress_internet",
            "module.includes.module.eks.aws_security_group_rule.cluster_https_worker_ingress",
            "module.includes.module.eks.aws_security_group_rule.cluster_primary_ingress_workers",
            "module.includes.module.eks.aws_security_group_rule.workers_egress_internet",
            "module.includes.module.eks.aws_security_group_rule.workers_ingress_cluster",
            "module.includes.module.eks.aws_security_group_rule.workers_ingress_cluster_https",
            "module.includes.module.eks.aws_security_group_rule.workers_ingress_cluster_kubelet",
            "module.includes.module.eks.aws_security_group_rule.workers_ingress_cluster_primary",
            "module.includes.module.eks.aws_security_group_rule.workers_ingress_self",
            "module.includes.module.eks.data.aws_ami.eks_worker",
            "module.includes.module.eks.data.aws_ami.eks_worker_windows",
            "module.includes.module.eks.data.aws_iam_instance_profile.custom_worker_group_iam_instance_profile",
            "module.includes.module.eks.data.aws_iam_policy_document.cluster_assume_role_policy",
            "module.includes.module.eks.data.aws_iam_policy_document.workers_assume_role_policy",
            "module.includes.module.eks.data.aws_iam_role.custom_cluster_iam_role",
            "module.includes.module.eks.data.aws_partition.current",
            "module.includes.module.vpc.aws_subnet.private",
            "module.includes.module.vpc.aws_vpc.this",
            "module.includes.module.vpc.aws_vpc_ipv4_cidr_block_association.this",
            "module.includes.random_string.suffix",
            "module.sg.aws_security_group.worker_group_mgmt_one",
            "module.sg.aws_security_group.worker_group_mgmt_two"
          ],
          "create_before_destroy": true
        }
      ]
    },
    {
      "module": "module.includes.module.eks",
      "mode": "managed",
      "type": "aws_eks_cluster",
      "name": "this",
      "provider": "provider[\"registry.terraform.io/hashicorp/aws\"]",
      "instances": [
        {
          "index_key": 0,
          "schema_version": 0,
          "attributes": {
            "arn": "arn:aws:eks:us-east-1:021770407384:cluster/snyk-demo-eks-2ec99KG6",
            "certificate_authority": [
              {
                "data": "LS0tLS1CRUdJTiBDRVJUSUZJQ0FURS0tLS0tCk1JSUM1ekNDQWMrZ0F3SUJBZ0lCQURBTkJna3Foa2lHOXcwQkFRc0ZBREFWTVJNd0VRWURWUVFERXdwcmRXSmwKY201bGRHVnpNQjRYRFRJek1ESXhOakUzTXpJME1Wb1hEVE16TURJeE16RTNNekkwTVZvd0ZURVRNQkVHQTFVRQpBeE1LYTNWaVpYSnVaWFJsY3pDQ0FTSXdEUVlKS29aSWh2Y05BUUVCQlFBRGdnRVBBRENDQVFvQ2dnRUJBTFhUCnc2NlV1cG1UZDZnMDE1eEFVREN3SEw1Z0c0NEN5akQwNi9uOEx2R29KaUxJOW9jOEFyd1pld2VoaHgyNGtyaUYKR0gwSE1neWsvbHFPSFhqd3BqZGlNVTdJTG43RGo2ei9EL2FlYld2bGYvVXh0dHdkQ2ZBNU1mZTZGM3VxbjdobwpHQU1pRER1SGh3RTBMQ0pGa09mbXVIOU11L2dDaFYvZGowRnFhV3JkTWFld1RPMVZJQ2VhcEhycVBYNkE5cVNhCkIxK2p4V3hITGpMS013SXdUTmltZk00cmRtVU0xYS9iNGloTXNMV0dCL1lVcFVQNlRLUkNyeU9LNkh3V04rOEsKZVpkNWNhN2lzUnNKSHFzcnJvZnNIV3FZYW9TdzlycVBBdFIreGRZNURubXdpK0wwU3k1UEhjNDdkYVkvUVRURgpqQ1UydWdLOUpZREZlaG9KS0M4Q0F3RUFBYU5DTUVBd0RnWURWUjBQQVFIL0JBUURBZ0trTUE4R0ExVWRFd0VCCi93UUZNQU1CQWY4d0hRWURWUjBPQkJZRUZHRGNUeVVvcngwY1BlRmpWYVFlRnRhYW5DS29NQTBHQ1NxR1NJYjMKRFFFQkN3VUFBNElCQVFCWkVKbmV2Y1VEaG9aK01BWmlEU0Y3bkZ3VXk5QW4yNUpuL1pONDFScW02SmxRY3N3WQpKUUlZRE1XSVh4a1hsNmdneVNtMkZCSHI2bjRQbkhlMzhmZnI0M1I0R3hVYjlvaHZ1MkVjcjdyaFBLVGhyR01pCkFibFJWelhHMzQvVlJMMnRaZEEvS1BWWGlCNkNKbTgvbGIvM3o2Q05Na1h6dTd2WDh5UkpSK0RwUGJwZlNCVXEKbFVNekZITWpoM1IyWlBXQzdrYUMxUmZKVW50N0x4d0d6MEt5SHc0OTh0cnQ4UnVydS9BbERWVTYwaXhDQTY1VwpxZ2xqMjkwd3phVlJkQ045UndIalJxaTkxWFdaMlo4ZGRsak4xbVppNFZqb2FJQXd2M3o4L05STnJYUFczWEYzCmNTaERreGplYy96Qm5hcTgxMnNVQTc4RW9xZmd6OTljaHRuNQotLS0tLUVORCBDRVJUSUZJQ0FURS0tLS0tCg=="
              }
            ],
            "created_at": "2023-02-16 17:26:26.611 +0000 UTC",
            "enabled_cluster_log_types": null,
            "encryption_config": [],
            "endpoint": "https://AB47CDA3288C88C1A70532DD08BA4DEF.gr7.us-east-1.eks.amazonaws.com",
            "id": "snyk-demo-eks-2ec99KG6",
            "identity": [
              {
                "oidc": [
                  {
                    "issuer": "https://oidc.eks.us-east-1.amazonaws.com/id/AB47CDA3288C88C1A70532DD08BA4DEF"
                  }
                ]
              }
            ],
            "kubernetes_network_config": [
              {
                "service_ipv4_cidr": "172.20.0.0/16"
              }
            ],
            "name": "snyk-demo-eks-2ec99KG6",
            "platform_version": "eks.12",
            "role_arn": "arn:aws:iam::021770407384:role/snyk-demo-eks-2ec99KG620230216172603742600000003",
            "status": "ACTIVE",
            "tags": null,
            "tags_all": {},
            "timeouts": {
              "create": "30m",
              "delete": "15m",
              "update": "60m"
            },
            "version": "1.20",
            "vpc_config": [
              {
                "cluster_security_group_id": "sg-0d3842a1f7e2cbfb1",
                "endpoint_private_access": false,
                "endpoint_public_access": true,
                "public_access_cidrs": [
                  "0.0.0.0/0"
                ],
                "security_group_ids": [
                  "sg-012580b2db6834e10"
                ],
                "subnet_ids": [
                  "subnet-00885e34a0ac8e6fe",
                  "subnet-01752e214173f9d98",
                  "subnet-0d709d18ddfd77f73"
                ],
                "vpc_id": "vpc-0e5c7132a72c81218"
              }
            ]
          },
          "sensitive_attributes": [],
          "private": "eyJlMmJmYjczMC1lY2FhLTExZTYtOGY4OC0zNDM2M2JjN2M0YzAiOnsiY3JlYXRlIjoxODAwMDAwMDAwMDAwLCJkZWxldGUiOjkwMDAwMDAwMDAwMCwidXBkYXRlIjozNjAwMDAwMDAwMDAwfX0=",
          "dependencies": [
            "module.includes.data.aws_availability_zones.available",
            "module.includes.module.eks.aws_cloudwatch_log_group.this",
            "module.includes.module.eks.aws_iam_role.cluster",
            "module.includes.module.eks.aws_iam_role_policy_attachment.cluster_AmazonEKSClusterPolicy",
            "module.includes.module.eks.aws_iam_role_policy_attachment.cluster_AmazonEKSServicePolicy",
            "module.includes.module.eks.aws_iam_role_policy_attachment.cluster_AmazonEKSVPCResourceControllerPolicy",
            "module.includes.module.eks.aws_security_group.cluster",
            "module.includes.module.eks.aws_security_group.workers",
            "module.includes.module.eks.aws_security_group_rule.cluster_egress_internet",
            "module.includes.module.eks.aws_security_group_rule.cluster_https_worker_ingress",
            "module.includes.module.eks.data.aws_iam_policy_document.cluster_assume_role_policy",
            "module.includes.module.eks.data.aws_iam_role.custom_cluster_iam_role",
            "module.includes.module.eks.data.aws_partition.current",
            "module.includes.module.vpc.aws_subnet.private",
            "module.includes.module.vpc.aws_vpc.this",
            "module.includes.module.vpc.aws_vpc_ipv4_cidr_block_association.this",
            "module.includes.random_string.suffix"
          ],
          "create_before_destroy": true
        }
      ]
    },
    {
      "module": "module.includes.module.eks",
      "mode": "managed",
      "type": "aws_iam_instance_profile",
      "name": "workers",
      "provider": "provider[\"registry.terraform.io/hashicorp/aws\"]",
      "instances": [
        {
          "index_key": 0,
          "schema_version": 0,
          "attributes": {
            "arn": "arn:aws:iam::021770407384:instance-profile/snyk-demo-eks-2ec99KG62023021617365516910000000f",
            "create_date": "2023-02-16T17:36:55Z",
            "id": "snyk-demo-eks-2ec99KG62023021617365516910000000f",
            "name": "snyk-demo-eks-2ec99KG62023021617365516910000000f",
            "name_prefix": "snyk-demo-eks-2ec99KG6",
            "path": "/",
            "role": "snyk-demo-eks-2ec99KG62023021617365358810000000e",
            "tags": null,
            "tags_all": {},
            "unique_id": "AIPAQKEM6BXMGTIIV6I72"
          },
          "sensitive_attributes": [],
          "private": "bnVsbA==",
          "dependencies": [
            "module.includes.data.aws_availability_zones.available",
            "module.includes.module.eks.aws_cloudwatch_log_group.this",
            "module.includes.module.eks.aws_eks_cluster.this",
            "module.includes.module.eks.aws_iam_role.cluster",
            "module.includes.module.eks.aws_iam_role.workers",
            "module.includes.module.eks.aws_iam_role_policy_attachment.cluster_AmazonEKSClusterPolicy",
            "module.includes.module.eks.aws_iam_role_policy_attachment.cluster_AmazonEKSServicePolicy",
            "module.includes.module.eks.aws_iam_role_policy_attachment.cluster_AmazonEKSVPCResourceControllerPolicy",
            "module.includes.module.eks.aws_security_group.cluster",
            "module.includes.module.eks.aws_security_group.workers",
            "module.includes.module.eks.aws_security_group_rule.cluster_egress_internet",
            "module.includes.module.eks.aws_security_group_rule.cluster_https_worker_ingress",
            "module.includes.module.eks.data.aws_iam_policy_document.cluster_assume_role_policy",
            "module.includes.module.eks.data.aws_iam_policy_document.workers_assume_role_policy",
            "module.includes.module.eks.data.aws_iam_role.custom_cluster_iam_role",
            "module.includes.module.eks.data.aws_partition.current",
            "module.includes.module.vpc.aws_subnet.private",
            "module.includes.module.vpc.aws_vpc.this",
            "module.includes.module.vpc.aws_vpc_ipv4_cidr_block_association.this",
            "module.includes.random_string.suffix",
            "module.sg.aws_security_group.worker_group_mgmt_one",
            "module.sg.aws_security_group.worker_group_mgmt_two"
          ],
          "create_before_destroy": true
        },
        {
          "index_key": 1,
          "schema_version": 0,
          "attributes": {
            "arn": "arn:aws:iam::021770407384:instance-profile/snyk-demo-eks-2ec99KG620230216173655169200000010",
            "create_date": "2023-02-16T17:36:55Z",
            "id": "snyk-demo-eks-2ec99KG620230216173655169200000010",
            "name": "snyk-demo-eks-2ec99KG620230216173655169200000010",
            "name_prefix": "snyk-demo-eks-2ec99KG6",
            "path": "/",
            "role": "snyk-demo-eks-2ec99KG62023021617365358810000000e",
            "tags": null,
            "tags_all": {},
            "unique_id": "AIPAQKEM6BXMF27VXZWUR"
          },
          "sensitive_attributes": [],
          "private": "bnVsbA==",
          "dependencies": [
            "module.includes.data.aws_availability_zones.available",
            "module.includes.module.eks.aws_cloudwatch_log_group.this",
            "module.includes.module.eks.aws_eks_cluster.this",
            "module.includes.module.eks.aws_iam_role.cluster",
            "module.includes.module.eks.aws_iam_role.workers",
            "module.includes.module.eks.aws_iam_role_policy_attachment.cluster_AmazonEKSClusterPolicy",
            "module.includes.module.eks.aws_iam_role_policy_attachment.cluster_AmazonEKSServicePolicy",
            "module.includes.module.eks.aws_iam_role_policy_attachment.cluster_AmazonEKSVPCResourceControllerPolicy",
            "module.includes.module.eks.aws_security_group.cluster",
            "module.includes.module.eks.aws_security_group.workers",
            "module.includes.module.eks.aws_security_group_rule.cluster_egress_internet",
            "module.includes.module.eks.aws_security_group_rule.cluster_https_worker_ingress",
            "module.includes.module.eks.data.aws_iam_policy_document.cluster_assume_role_policy",
            "module.includes.module.eks.data.aws_iam_policy_document.workers_assume_role_policy",
            "module.includes.module.eks.data.aws_iam_role.custom_cluster_iam_role",
            "module.includes.module.eks.data.aws_partition.current",
            "module.includes.module.vpc.aws_subnet.private",
            "module.includes.module.vpc.aws_vpc.this",
            "module.includes.module.vpc.aws_vpc_ipv4_cidr_block_association.this",
            "module.includes.random_string.suffix",
            "module.sg.aws_security_group.worker_group_mgmt_one",
            "module.sg.aws_security_group.worker_group_mgmt_two"
          ],
          "create_before_destroy": true
        }
      ]
    },
    {
      "module": "module.includes.module.eks",
      "mode": "managed",
      "type": "aws_iam_policy",
      "name": "cluster_deny_log_group",
      "provider": "provider[\"registry.terraform.io/hashicorp/aws\"]",
      "instances": [
        {
          "index_key": 0,
          "schema_version": 0,
          "attributes": {
            "arn": "arn:aws:iam::021770407384:policy/snyk-demo-eks-2ec99KG6-deny-log-group20230216172603741000000002",
            "description": "Deny CreateLogGroup",
            "id": "arn:aws:iam::021770407384:policy/snyk-demo-eks-2ec99KG6-deny-log-group20230216172603741000000002",
            "name": "snyk-demo-eks-2ec99KG6-deny-log-group20230216172603741000000002",
            "name_prefix": "snyk-demo-eks-2ec99KG6-deny-log-group",
            "path": "/",
            "policy": "{\"Statement\":[{\"Action\":\"logs:CreateLogGroup\",\"Effect\":\"Deny\",\"Resource\":\"*\",\"Sid\":\"\"}],\"Version\":\"2012-10-17\"}",
            "policy_id": "ANPAQKEM6BXMOFTW5P3PI",
            "tags": null,
            "tags_all": {}
          },
          "sensitive_attributes": [],
          "private": "bnVsbA==",
          "dependencies": [
            "module.includes.module.eks.data.aws_iam_policy_document.cluster_deny_log_group",
            "module.includes.random_string.suffix"
          ]
        }
      ]
    },
    {
      "module": "module.includes.module.eks",
      "mode": "managed",
      "type": "aws_iam_policy",
      "name": "cluster_elb_sl_role_creation",
      "provider": "provider[\"registry.terraform.io/hashicorp/aws\"]",
      "instances": [
        {
          "index_key": 0,
          "schema_version": 0,
          "attributes": {
            "arn": "arn:aws:iam::021770407384:policy/snyk-demo-eks-2ec99KG6-elb-sl-role-creation20230216172603740300000001",
            "description": "Permissions for EKS to create AWSServiceRoleForElasticLoadBalancing service-linked role",
            "id": "arn:aws:iam::021770407384:policy/snyk-demo-eks-2ec99KG6-elb-sl-role-creation20230216172603740300000001",
            "name": "snyk-demo-eks-2ec99KG6-elb-sl-role-creation20230216172603740300000001",
            "name_prefix": "snyk-demo-eks-2ec99KG6-elb-sl-role-creation",
            "path": "/",
            "policy": "{\"Statement\":[{\"Action\":[\"ec2:DescribeInternetGateways\",\"ec2:DescribeAddresses\",\"ec2:DescribeAccountAttributes\"],\"Effect\":\"Allow\",\"Resource\":\"*\",\"Sid\":\"\"}],\"Version\":\"2012-10-17\"}",
            "policy_id": "ANPAQKEM6BXMOQJ2ZPGB2",
            "tags": null,
            "tags_all": {}
          },
          "sensitive_attributes": [],
          "private": "bnVsbA==",
          "dependencies": [
            "module.includes.module.eks.data.aws_iam_policy_document.cluster_elb_sl_role_creation",
            "module.includes.random_string.suffix"
          ]
        }
      ]
    },
    {
      "module": "module.includes.module.eks",
      "mode": "managed",
      "type": "aws_iam_role",
      "name": "cluster",
      "provider": "provider[\"registry.terraform.io/hashicorp/aws\"]",
      "instances": [
        {
          "index_key": 0,
          "schema_version": 0,
          "attributes": {
            "arn": "arn:aws:iam::021770407384:role/snyk-demo-eks-2ec99KG620230216172603742600000003",
            "assume_role_policy": "{\"Version\":\"2012-10-17\",\"Statement\":[{\"Sid\":\"EKSClusterAssumeRole\",\"Effect\":\"Allow\",\"Principal\":{\"Service\":\"eks.amazonaws.com\"},\"Action\":\"sts:AssumeRole\"}]}",
            "create_date": "2023-02-16T17:26:04Z",
            "description": "",
            "force_detach_policies": true,
            "id": "snyk-demo-eks-2ec99KG620230216172603742600000003",
            "inline_policy": [
              {
                "name": "",
                "policy": ""
              }
            ],
            "managed_policy_arns": [],
            "max_session_duration": 3600,
            "name": "snyk-demo-eks-2ec99KG620230216172603742600000003",
            "name_prefix": "snyk-demo-eks-2ec99KG6",
            "path": "/",
            "permissions_boundary": null,
            "tags": null,
            "tags_all": {},
            "unique_id": "AROAQKEM6BXMPOK76ADRP"
          },
          "sensitive_attributes": [],
          "private": "bnVsbA==",
          "dependencies": [
            "module.includes.module.eks.data.aws_iam_policy_document.cluster_assume_role_policy",
            "module.includes.random_string.suffix"
          ],
          "create_before_destroy": true
        }
      ]
    },
    {
      "module": "module.includes.module.eks",
      "mode": "managed",
      "type": "aws_iam_role",
      "name": "workers",
      "provider": "provider[\"registry.terraform.io/hashicorp/aws\"]",
      "instances": [
        {
          "index_key": 0,
          "schema_version": 0,
          "attributes": {
            "arn": "arn:aws:iam::021770407384:role/snyk-demo-eks-2ec99KG62023021617365358810000000e",
            "assume_role_policy": "{\"Version\":\"2012-10-17\",\"Statement\":[{\"Sid\":\"EKSWorkerAssumeRole\",\"Effect\":\"Allow\",\"Principal\":{\"Service\":\"ec2.amazonaws.com\"},\"Action\":\"sts:AssumeRole\"}]}",
            "create_date": "2023-02-16T17:36:54Z",
            "description": "",
            "force_detach_policies": true,
            "id": "snyk-demo-eks-2ec99KG62023021617365358810000000e",
            "inline_policy": [
              {
                "name": "",
                "policy": ""
              }
            ],
            "managed_policy_arns": [],
            "max_session_duration": 3600,
            "name": "snyk-demo-eks-2ec99KG62023021617365358810000000e",
            "name_prefix": "snyk-demo-eks-2ec99KG6",
            "path": "/",
            "permissions_boundary": null,
            "tags": null,
            "tags_all": {},
            "unique_id": "AROAQKEM6BXMDHNVM6K7U"
          },
          "sensitive_attributes": [],
          "private": "bnVsbA==",
          "dependencies": [
            "module.includes.data.aws_availability_zones.available",
            "module.includes.module.eks.aws_cloudwatch_log_group.this",
            "module.includes.module.eks.aws_eks_cluster.this",
            "module.includes.module.eks.aws_iam_role.cluster",
            "module.includes.module.eks.aws_iam_role_policy_attachment.cluster_AmazonEKSClusterPolicy",
            "module.includes.module.eks.aws_iam_role_policy_attachment.cluster_AmazonEKSServicePolicy",
            "module.includes.module.eks.aws_iam_role_policy_attachment.cluster_AmazonEKSVPCResourceControllerPolicy",
            "module.includes.module.eks.aws_security_group.cluster",
            "module.includes.module.eks.aws_security_group.workers",
            "module.includes.module.eks.aws_security_group_rule.cluster_egress_internet",
            "module.includes.module.eks.aws_security_group_rule.cluster_https_worker_ingress",
            "module.includes.module.eks.data.aws_iam_policy_document.cluster_assume_role_policy",
            "module.includes.module.eks.data.aws_iam_policy_document.workers_assume_role_policy",
            "module.includes.module.eks.data.aws_iam_role.custom_cluster_iam_role",
            "module.includes.module.eks.data.aws_partition.current",
            "module.includes.module.vpc.aws_subnet.private",
            "module.includes.module.vpc.aws_vpc.this",
            "module.includes.module.vpc.aws_vpc_ipv4_cidr_block_association.this",
            "module.includes.random_string.suffix"
          ],
          "create_before_destroy": true
        }
      ]
    },
    {
      "module": "module.includes.module.eks",
      "mode": "managed",
      "type": "aws_iam_role_policy_attachment",
      "name": "cluster_AmazonEKSClusterPolicy",
      "provider": "provider[\"registry.terraform.io/hashicorp/aws\"]",
      "instances": [
        {
          "index_key": 0,
          "schema_version": 0,
          "attributes": {
            "id": "snyk-demo-eks-2ec99KG620230216172603742600000003-20230216172605732900000005",
            "policy_arn": "arn:aws:iam::aws:policy/AmazonEKSClusterPolicy",
            "role": "snyk-demo-eks-2ec99KG620230216172603742600000003"
          },
          "sensitive_attributes": [],
          "private": "bnVsbA==",
          "dependencies": [
            "module.includes.module.eks.aws_iam_role.cluster",
            "module.includes.module.eks.data.aws_iam_policy_document.cluster_assume_role_policy",
            "module.includes.module.eks.data.aws_partition.current",
            "module.includes.random_string.suffix"
          ],
          "create_before_destroy": true
        }
      ]
    },
    {
      "module": "module.includes.module.eks",
      "mode": "managed",
      "type": "aws_iam_role_policy_attachment",
      "name": "cluster_AmazonEKSServicePolicy",
      "provider": "provider[\"registry.terraform.io/hashicorp/aws\"]",
      "instances": [
        {
          "index_key": 0,
          "schema_version": 0,
          "attributes": {
            "id": "snyk-demo-eks-2ec99KG620230216172603742600000003-20230216172605757800000007",
            "policy_arn": "arn:aws:iam::aws:policy/AmazonEKSServicePolicy",
            "role": "snyk-demo-eks-2ec99KG620230216172603742600000003"
          },
          "sensitive_attributes": [],
          "private": "bnVsbA==",
          "dependencies": [
            "module.includes.module.eks.aws_iam_role.cluster",
            "module.includes.module.eks.data.aws_iam_policy_document.cluster_assume_role_policy",
            "module.includes.module.eks.data.aws_partition.current",
            "module.includes.random_string.suffix"
          ],
          "create_before_destroy": true
        }
      ]
    },
    {
      "module": "module.includes.module.eks",
      "mode": "managed",
      "type": "aws_iam_role_policy_attachment",
      "name": "cluster_AmazonEKSVPCResourceControllerPolicy",
      "provider": "provider[\"registry.terraform.io/hashicorp/aws\"]",
      "instances": [
        {
          "index_key": 0,
          "schema_version": 0,
          "attributes": {
            "id": "snyk-demo-eks-2ec99KG620230216172603742600000003-20230216172605757800000008",
            "policy_arn": "arn:aws:iam::aws:policy/AmazonEKSVPCResourceController",
            "role": "snyk-demo-eks-2ec99KG620230216172603742600000003"
          },
          "sensitive_attributes": [],
          "private": "bnVsbA==",
          "dependencies": [
            "module.includes.module.eks.aws_iam_role.cluster",
            "module.includes.module.eks.data.aws_iam_policy_document.cluster_assume_role_policy",
            "module.includes.module.eks.data.aws_partition.current",
            "module.includes.random_string.suffix"
          ],
          "create_before_destroy": true
        }
      ]
    },
    {
      "module": "module.includes.module.eks",
      "mode": "managed",
      "type": "aws_iam_role_policy_attachment",
      "name": "cluster_deny_log_group",
      "provider": "provider[\"registry.terraform.io/hashicorp/aws\"]",
      "instances": [
        {
          "index_key": 0,
          "schema_version": 0,
          "attributes": {
            "id": "snyk-demo-eks-2ec99KG620230216172603742600000003-20230216172605746200000006",
            "policy_arn": "arn:aws:iam::021770407384:policy/snyk-demo-eks-2ec99KG6-deny-log-group20230216172603741000000002",
            "role": "snyk-demo-eks-2ec99KG620230216172603742600000003"
          },
          "sensitive_attributes": [],
          "private": "bnVsbA==",
          "dependencies": [
            "module.includes.module.eks.aws_iam_policy.cluster_deny_log_group",
            "module.includes.module.eks.aws_iam_role.cluster",
            "module.includes.module.eks.data.aws_iam_policy_document.cluster_assume_role_policy",
            "module.includes.module.eks.data.aws_iam_policy_document.cluster_deny_log_group",
            "module.includes.random_string.suffix"
          ]
        }
      ]
    },
    {
      "module": "module.includes.module.eks",
      "mode": "managed",
      "type": "aws_iam_role_policy_attachment",
      "name": "cluster_elb_sl_role_creation",
      "provider": "provider[\"registry.terraform.io/hashicorp/aws\"]",
      "instances": [
        {
          "index_key": 0,
          "schema_version": 0,
          "attributes": {
            "id": "snyk-demo-eks-2ec99KG620230216172603742600000003-20230216172605730000000004",
            "policy_arn": "arn:aws:iam::021770407384:policy/snyk-demo-eks-2ec99KG6-elb-sl-role-creation20230216172603740300000001",
            "role": "snyk-demo-eks-2ec99KG620230216172603742600000003"
          },
          "sensitive_attributes": [],
          "private": "bnVsbA==",
          "dependencies": [
            "module.includes.module.eks.aws_iam_policy.cluster_elb_sl_role_creation",
            "module.includes.module.eks.aws_iam_role.cluster",
            "module.includes.module.eks.data.aws_iam_policy_document.cluster_assume_role_policy",
            "module.includes.module.eks.data.aws_iam_policy_document.cluster_elb_sl_role_creation",
            "module.includes.random_string.suffix"
          ]
        }
      ]
    },
    {
      "module": "module.includes.module.eks",
      "mode": "managed",
      "type": "aws_iam_role_policy_attachment",
      "name": "workers_AmazonEC2ContainerRegistryReadOnly",
      "provider": "provider[\"registry.terraform.io/hashicorp/aws\"]",
      "instances": [
        {
          "index_key": 0,
          "schema_version": 0,
          "attributes": {
            "id": "snyk-demo-eks-2ec99KG62023021617365358810000000e-20230216173655472500000011",
            "policy_arn": "arn:aws:iam::aws:policy/AmazonEC2ContainerRegistryReadOnly",
            "role": "snyk-demo-eks-2ec99KG62023021617365358810000000e"
          },
          "sensitive_attributes": [],
          "private": "bnVsbA==",
          "dependencies": [
            "module.includes.data.aws_availability_zones.available",
            "module.includes.module.eks.aws_cloudwatch_log_group.this",
            "module.includes.module.eks.aws_eks_cluster.this",
            "module.includes.module.eks.aws_iam_role.cluster",
            "module.includes.module.eks.aws_iam_role.workers",
            "module.includes.module.eks.aws_iam_role_policy_attachment.cluster_AmazonEKSClusterPolicy",
            "module.includes.module.eks.aws_iam_role_policy_attachment.cluster_AmazonEKSServicePolicy",
            "module.includes.module.eks.aws_iam_role_policy_attachment.cluster_AmazonEKSVPCResourceControllerPolicy",
            "module.includes.module.eks.aws_security_group.cluster",
            "module.includes.module.eks.aws_security_group.workers",
            "module.includes.module.eks.aws_security_group_rule.cluster_egress_internet",
            "module.includes.module.eks.aws_security_group_rule.cluster_https_worker_ingress",
            "module.includes.module.eks.data.aws_iam_policy_document.cluster_assume_role_policy",
            "module.includes.module.eks.data.aws_iam_policy_document.workers_assume_role_policy",
            "module.includes.module.eks.data.aws_iam_role.custom_cluster_iam_role",
            "module.includes.module.eks.data.aws_partition.current",
            "module.includes.module.vpc.aws_subnet.private",
            "module.includes.module.vpc.aws_vpc.this",
            "module.includes.module.vpc.aws_vpc_ipv4_cidr_block_association.this",
            "module.includes.random_string.suffix"
          ],
          "create_before_destroy": true
        }
      ]
    },
    {
      "module": "module.includes.module.eks",
      "mode": "managed",
      "type": "aws_iam_role_policy_attachment",
      "name": "workers_AmazonEKSWorkerNodePolicy",
      "provider": "provider[\"registry.terraform.io/hashicorp/aws\"]",
      "instances": [
        {
          "index_key": 0,
          "schema_version": 0,
          "attributes": {
            "id": "snyk-demo-eks-2ec99KG62023021617365358810000000e-20230216173655551500000013",
            "policy_arn": "arn:aws:iam::aws:policy/AmazonEKSWorkerNodePolicy",
            "role": "snyk-demo-eks-2ec99KG62023021617365358810000000e"
          },
          "sensitive_attributes": [],
          "private": "bnVsbA==",
          "dependencies": [
            "module.includes.data.aws_availability_zones.available",
            "module.includes.module.eks.aws_cloudwatch_log_group.this",
            "module.includes.module.eks.aws_eks_cluster.this",
            "module.includes.module.eks.aws_iam_role.cluster",
            "module.includes.module.eks.aws_iam_role.workers",
            "module.includes.module.eks.aws_iam_role_policy_attachment.cluster_AmazonEKSClusterPolicy",
            "module.includes.module.eks.aws_iam_role_policy_attachment.cluster_AmazonEKSServicePolicy",
            "module.includes.module.eks.aws_iam_role_policy_attachment.cluster_AmazonEKSVPCResourceControllerPolicy",
            "module.includes.module.eks.aws_security_group.cluster",
            "module.includes.module.eks.aws_security_group.workers",
            "module.includes.module.eks.aws_security_group_rule.cluster_egress_internet",
            "module.includes.module.eks.aws_security_group_rule.cluster_https_worker_ingress",
            "module.includes.module.eks.data.aws_iam_policy_document.cluster_assume_role_policy",
            "module.includes.module.eks.data.aws_iam_policy_document.workers_assume_role_policy",
            "module.includes.module.eks.data.aws_iam_role.custom_cluster_iam_role",
            "module.includes.module.eks.data.aws_partition.current",
            "module.includes.module.vpc.aws_subnet.private",
            "module.includes.module.vpc.aws_vpc.this",
            "module.includes.module.vpc.aws_vpc_ipv4_cidr_block_association.this",
            "module.includes.random_string.suffix"
          ],
          "create_before_destroy": true
        }
      ]
    },
    {
      "module": "module.includes.module.eks",
      "mode": "managed",
      "type": "aws_iam_role_policy_attachment",
      "name": "workers_AmazonEKS_CNI_Policy",
      "provider": "provider[\"registry.terraform.io/hashicorp/aws\"]",
      "instances": [
        {
          "index_key": 0,
          "schema_version": 0,
          "attributes": {
            "id": "snyk-demo-eks-2ec99KG62023021617365358810000000e-20230216173655484900000012",
            "policy_arn": "arn:aws:iam::aws:policy/AmazonEKS_CNI_Policy",
            "role": "snyk-demo-eks-2ec99KG62023021617365358810000000e"
          },
          "sensitive_attributes": [],
          "private": "bnVsbA==",
          "dependencies": [
            "module.includes.data.aws_availability_zones.available",
            "module.includes.module.eks.aws_cloudwatch_log_group.this",
            "module.includes.module.eks.aws_eks_cluster.this",
            "module.includes.module.eks.aws_iam_role.cluster",
            "module.includes.module.eks.aws_iam_role.workers",
            "module.includes.module.eks.aws_iam_role_policy_attachment.cluster_AmazonEKSClusterPolicy",
            "module.includes.module.eks.aws_iam_role_policy_attachment.cluster_AmazonEKSServicePolicy",
            "module.includes.module.eks.aws_iam_role_policy_attachment.cluster_AmazonEKSVPCResourceControllerPolicy",
            "module.includes.module.eks.aws_security_group.cluster",
            "module.includes.module.eks.aws_security_group.workers",
            "module.includes.module.eks.aws_security_group_rule.cluster_egress_internet",
            "module.includes.module.eks.aws_security_group_rule.cluster_https_worker_ingress",
            "module.includes.module.eks.data.aws_iam_policy_document.cluster_assume_role_policy",
            "module.includes.module.eks.data.aws_iam_policy_document.workers_assume_role_policy",
            "module.includes.module.eks.data.aws_iam_role.custom_cluster_iam_role",
            "module.includes.module.eks.data.aws_partition.current",
            "module.includes.module.vpc.aws_subnet.private",
            "module.includes.module.vpc.aws_vpc.this",
            "module.includes.module.vpc.aws_vpc_ipv4_cidr_block_association.this",
            "module.includes.random_string.suffix"
          ],
          "create_before_destroy": true
        }
      ]
    },
    {
      "module": "module.includes.module.eks",
      "mode": "managed",
      "type": "aws_launch_configuration",
      "name": "workers",
      "provider": "provider[\"registry.terraform.io/hashicorp/aws\"]",
      "instances": [
        {
          "index_key": 0,
          "schema_version": 0,
          "attributes": {
            "arn": "arn:aws:autoscaling:us-east-1:021770407384:launchConfiguration:aa9314cd-df8a-4672-a451-75a320941a08:launchConfigurationName/snyk-demo-eks-2ec99KG6-worker-group-120230216173656088800000015",
            "associate_public_ip_address": false,
            "ebs_block_device": [],
            "ebs_optimized": false,
            "enable_monitoring": true,
            "ephemeral_block_device": [],
            "iam_instance_profile": "snyk-demo-eks-2ec99KG62023021617365516910000000f",
            "id": "snyk-demo-eks-2ec99KG6-worker-group-120230216173656088800000015",
            "image_id": "ami-0ab1687f626a22bf5",
            "instance_type": "t2.small",
            "key_name": "",
            "metadata_options": [
              {
                "http_endpoint": "enabled",
                "http_put_response_hop_limit": 1,
                "http_tokens": "optional"
              }
            ],
            "name": "snyk-demo-eks-2ec99KG6-worker-group-120230216173656088800000015",
            "name_prefix": "snyk-demo-eks-2ec99KG6-worker-group-1",
            "placement_tenancy": "",
            "root_block_device": [
              {
                "delete_on_termination": true,
                "encrypted": false,
                "iops": 0,
                "throughput": 0,
                "volume_size": 100,
                "volume_type": "gp2"
              }
            ],
            "security_groups": [
              "sg-00cf435422594d503",
              "sg-03e27db091c3ce3c0"
            ],
            "spot_price": "",
            "user_data": null,
            "user_data_base64": "IyEvYmluL2Jhc2ggLWUKCiMgQWxsb3cgdXNlciBzdXBwbGllZCBwcmUgdXNlcmRhdGEgY29kZQoKCiMgQm9vdHN0cmFwIGFuZCBqb2luIHRoZSBjbHVzdGVyCi9ldGMvZWtzL2Jvb3RzdHJhcC5zaCAtLWI2NC1jbHVzdGVyLWNhICdMUzB0TFMxQ1JVZEpUaUJEUlZKVVNVWkpRMEZVUlMwdExTMHRDazFKU1VNMWVrTkRRV01yWjBGM1NVSkJaMGxDUVVSQlRrSm5hM0ZvYTJsSE9YY3dRa0ZSYzBaQlJFRldUVkpOZDBWUldVUldVVkZFUlhkd2NtUlhTbXdLWTIwMWJHUkhWbnBOUWpSWVJGUkplazFFU1hoT2FrVXpUWHBKTUUxV2IxaEVWRTE2VFVSSmVFMTZSVE5OZWtrd1RWWnZkMFpVUlZSTlFrVkhRVEZWUlFwQmVFMUxZVE5XYVZwWVNuVmFXRkpzWTNwRFEwRlRTWGRFVVZsS1MyOWFTV2gyWTA1QlVVVkNRbEZCUkdkblJWQkJSRU5EUVZGdlEyZG5SVUpCVEZoVUNuYzJObFYxY0cxVVpEWm5NREUxZUVGVlJFTjNTRXcxWjBjME5FTjVha1F3Tmk5dU9FeDJSMjlLYVV4Sk9XOWpPRUZ5ZDFwbGQyVm9hSGd5Tkd0eWFVWUtSMGd3U0UxbmVXc3ZiSEZQU0ZocWQzQnFaR2xOVlRkSlRHNDNSR28yZWk5RUwyRmxZbGQyYkdZdlZYaDBkSGRrUTJaQk5VMW1aVFpHTTNWeGJqZG9id3BIUVUxcFJFUjFTR2gzUlRCTVEwcEdhMDltYlhWSU9VMTFMMmREYUZZdlpHb3dSbkZoVjNKa1RXRmxkMVJQTVZaSlEyVmhjRWh5Y1ZCWU5rRTVjVk5oQ2tJeEsycDRWM2hJVEdwTVMwMTNTWGRVVG1sdFprMDBjbVJ0VlUweFlTOWlOR2xvVFhOTVYwZENMMWxWY0ZWUU5sUkxVa055ZVU5TE5raDNWMDRyT0VzS1pWcGtOV05oTjJselVuTktTSEZ6Y25KdlpuTklWM0ZaWVc5VGR6bHljVkJCZEZJcmVHUlpOVVJ1YlhkcEswd3dVM2sxVUVoak5EZGtZVmt2VVZSVVJncHFRMVV5ZFdkTE9VcFpSRVpsYUc5S1MwTTRRMEYzUlVGQllVNURUVVZCZDBSbldVUldVakJRUVZGSUwwSkJVVVJCWjB0clRVRTRSMEV4VldSRmQwVkNDaTkzVVVaTlFVMUNRV1k0ZDBoUldVUldVakJQUWtKWlJVWkhSR05VZVZWdmNuZ3dZMUJsUm1wV1lWRmxSblJoWVc1RFMyOU5RVEJIUTFOeFIxTkpZak1LUkZGRlFrTjNWVUZCTkVsQ1FWRkNXa1ZLYm1WMlkxVkVhRzlhSzAxQldtbEVVMFkzYmtaM1ZYazVRVzR5TlVwdUwxcE9OREZTY1cwMlNteFJZM04zV1FwS1VVbFpSRTFYU1ZoNGExaHNObWRuZVZOdE1rWkNTSEkyYmpSUWJraGxNemhtWm5JME0xSTBSM2hWWWpsdmFIWjFNa1ZqY2pkeWFGQkxWR2h5UjAxcENrRmliRkpXZWxoSE16UXZWbEpNTW5SYVpFRXZTMUJXV0dsQ05rTktiVGd2YkdJdk0zbzJRMDVOYTFoNmRUZDJXRGg1VWtwU0swUndVR0p3WmxOQ1ZYRUtiRlZOZWtaSVRXcG9NMUl5V2xCWFF6ZHJZVU14VW1aS1ZXNTBOMHg0ZDBkNk1FdDVTSGMwT1RoMGNuUTRVblZ5ZFM5QmJFUldWVFl3YVhoRFFUWTFWd3B4WjJ4cU1qa3dkM3BoVmxKa1EwNDVVbmRJYWxKeGFUa3hXRmRhTWxvNFpHUnNhazR4YlZwcE5GWnFiMkZKUVhkMk0zbzRMMDVTVG5KWVVGY3pXRVl6Q21OVGFFUnJlR3BsWXk5NlFtNWhjVGd4TW5OVlFUYzRSVzl4Wm1kNk9UbGphSFJ1TlFvdExTMHRMVVZPUkNCRFJWSlVTVVpKUTBGVVJTMHRMUzB0Q2c9PScgLS1hcGlzZXJ2ZXItZW5kcG9pbnQgJ2h0dHBzOi8vQUI0N0NEQTMyODhDODhDMUE3MDUzMkREMDhCQTRERUYuZ3I3LnVzLWVhc3QtMS5la3MuYW1hem9uYXdzLmNvbScgIC0ta3ViZWxldC1leHRyYS1hcmdzICIiICdzbnlrLWRlbW8tZWtzLTJlYzk5S0c2JwoKIyBBbGxvdyB1c2VyIHN1cHBsaWVkIHVzZXJkYXRhIGNvZGUKZWNobyBmb28gYmFyCg==",
            "vpc_classic_link_id": "",
            "vpc_classic_link_security_groups": null
          },
          "sensitive_attributes": [],
          "private": "bnVsbA==",
          "dependencies": [
            "module.includes.data.aws_availability_zones.available",
            "module.includes.module.eks.aws_cloudwatch_log_group.this",
            "module.includes.module.eks.aws_eks_cluster.this",
            "module.includes.module.eks.aws_iam_instance_profile.workers",
            "module.includes.module.eks.aws_iam_role.cluster",
            "module.includes.module.eks.aws_iam_role.workers",
            "module.includes.module.eks.aws_iam_role_policy_attachment.cluster_AmazonEKSClusterPolicy",
            "module.includes.module.eks.aws_iam_role_policy_attachment.cluster_AmazonEKSServicePolicy",
            "module.includes.module.eks.aws_iam_role_policy_attachment.cluster_AmazonEKSVPCResourceControllerPolicy",
            "module.includes.module.eks.aws_iam_role_policy_attachment.workers_AmazonEC2ContainerRegistryReadOnly",
            "module.includes.module.eks.aws_iam_role_policy_attachment.workers_AmazonEKSWorkerNodePolicy",
            "module.includes.module.eks.aws_iam_role_policy_attachment.workers_AmazonEKS_CNI_Policy",
            "module.includes.module.eks.aws_iam_role_policy_attachment.workers_additional_policies",
            "module.includes.module.eks.aws_security_group.cluster",
            "module.includes.module.eks.aws_security_group.workers",
            "module.includes.module.eks.aws_security_group_rule.cluster_egress_internet",
            "module.includes.module.eks.aws_security_group_rule.cluster_https_worker_ingress",
            "module.includes.module.eks.aws_security_group_rule.cluster_primary_ingress_workers",
            "module.includes.module.eks.aws_security_group_rule.workers_egress_internet",
            "module.includes.module.eks.aws_security_group_rule.workers_ingress_cluster",
            "module.includes.module.eks.aws_security_group_rule.workers_ingress_cluster_https",
            "module.includes.module.eks.aws_security_group_rule.workers_ingress_cluster_kubelet",
            "module.includes.module.eks.aws_security_group_rule.workers_ingress_cluster_primary",
            "module.includes.module.eks.aws_security_group_rule.workers_ingress_self",
            "module.includes.module.eks.data.aws_ami.eks_worker",
            "module.includes.module.eks.data.aws_ami.eks_worker_windows",
            "module.includes.module.eks.data.aws_iam_instance_profile.custom_worker_group_iam_instance_profile",
            "module.includes.module.eks.data.aws_iam_policy_document.cluster_assume_role_policy",
            "module.includes.module.eks.data.aws_iam_policy_document.workers_assume_role_policy",
            "module.includes.module.eks.data.aws_iam_role.custom_cluster_iam_role",
            "module.includes.module.eks.data.aws_partition.current",
            "module.includes.module.vpc.aws_subnet.private",
            "module.includes.module.vpc.aws_vpc.this",
            "module.includes.module.vpc.aws_vpc_ipv4_cidr_block_association.this",
            "module.includes.random_string.suffix",
            "module.sg.aws_security_group.worker_group_mgmt_one",
            "module.sg.aws_security_group.worker_group_mgmt_two"
          ],
          "create_before_destroy": true
        },
        {
          "index_key": 1,
          "schema_version": 0,
          "attributes": {
            "arn": "arn:aws:autoscaling:us-east-1:021770407384:launchConfiguration:cc815fd6-bcaf-45c2-9585-344e785d4e52:launchConfigurationName/snyk-demo-eks-2ec99KG6-worker-group-220230216173656088700000014",
            "associate_public_ip_address": false,
            "ebs_block_device": [],
            "ebs_optimized": false,
            "enable_monitoring": true,
            "ephemeral_block_device": [],
            "iam_instance_profile": "snyk-demo-eks-2ec99KG620230216173655169200000010",
            "id": "snyk-demo-eks-2ec99KG6-worker-group-220230216173656088700000014",
            "image_id": "ami-0ab1687f626a22bf5",
            "instance_type": "t2.medium",
            "key_name": "",
            "metadata_options": [
              {
                "http_endpoint": "enabled",
                "http_put_response_hop_limit": 1,
                "http_tokens": "optional"
              }
            ],
            "name": "snyk-demo-eks-2ec99KG6-worker-group-220230216173656088700000014",
            "name_prefix": "snyk-demo-eks-2ec99KG6-worker-group-2",
            "placement_tenancy": "",
            "root_block_device": [
              {
                "delete_on_termination": true,
                "encrypted": false,
                "iops": 0,
                "throughput": 0,
                "volume_size": 100,
                "volume_type": "gp2"
              }
            ],
            "security_groups": [
              "sg-00cf435422594d503",
              "sg-0b1759581bac3ee6e"
            ],
            "spot_price": "",
            "user_data": null,
            "user_data_base64": "IyEvYmluL2Jhc2ggLWUKCiMgQWxsb3cgdXNlciBzdXBwbGllZCBwcmUgdXNlcmRhdGEgY29kZQoKCiMgQm9vdHN0cmFwIGFuZCBqb2luIHRoZSBjbHVzdGVyCi9ldGMvZWtzL2Jvb3RzdHJhcC5zaCAtLWI2NC1jbHVzdGVyLWNhICdMUzB0TFMxQ1JVZEpUaUJEUlZKVVNVWkpRMEZVUlMwdExTMHRDazFKU1VNMWVrTkRRV01yWjBGM1NVSkJaMGxDUVVSQlRrSm5hM0ZvYTJsSE9YY3dRa0ZSYzBaQlJFRldUVkpOZDBWUldVUldVVkZFUlhkd2NtUlhTbXdLWTIwMWJHUkhWbnBOUWpSWVJGUkplazFFU1hoT2FrVXpUWHBKTUUxV2IxaEVWRTE2VFVSSmVFMTZSVE5OZWtrd1RWWnZkMFpVUlZSTlFrVkhRVEZWUlFwQmVFMUxZVE5XYVZwWVNuVmFXRkpzWTNwRFEwRlRTWGRFVVZsS1MyOWFTV2gyWTA1QlVVVkNRbEZCUkdkblJWQkJSRU5EUVZGdlEyZG5SVUpCVEZoVUNuYzJObFYxY0cxVVpEWm5NREUxZUVGVlJFTjNTRXcxWjBjME5FTjVha1F3Tmk5dU9FeDJSMjlLYVV4Sk9XOWpPRUZ5ZDFwbGQyVm9hSGd5Tkd0eWFVWUtSMGd3U0UxbmVXc3ZiSEZQU0ZocWQzQnFaR2xOVlRkSlRHNDNSR28yZWk5RUwyRmxZbGQyYkdZdlZYaDBkSGRrUTJaQk5VMW1aVFpHTTNWeGJqZG9id3BIUVUxcFJFUjFTR2gzUlRCTVEwcEdhMDltYlhWSU9VMTFMMmREYUZZdlpHb3dSbkZoVjNKa1RXRmxkMVJQTVZaSlEyVmhjRWh5Y1ZCWU5rRTVjVk5oQ2tJeEsycDRWM2hJVEdwTVMwMTNTWGRVVG1sdFprMDBjbVJ0VlUweFlTOWlOR2xvVFhOTVYwZENMMWxWY0ZWUU5sUkxVa055ZVU5TE5raDNWMDRyT0VzS1pWcGtOV05oTjJselVuTktTSEZ6Y25KdlpuTklWM0ZaWVc5VGR6bHljVkJCZEZJcmVHUlpOVVJ1YlhkcEswd3dVM2sxVUVoak5EZGtZVmt2VVZSVVJncHFRMVV5ZFdkTE9VcFpSRVpsYUc5S1MwTTRRMEYzUlVGQllVNURUVVZCZDBSbldVUldVakJRUVZGSUwwSkJVVVJCWjB0clRVRTRSMEV4VldSRmQwVkNDaTkzVVVaTlFVMUNRV1k0ZDBoUldVUldVakJQUWtKWlJVWkhSR05VZVZWdmNuZ3dZMUJsUm1wV1lWRmxSblJoWVc1RFMyOU5RVEJIUTFOeFIxTkpZak1LUkZGRlFrTjNWVUZCTkVsQ1FWRkNXa1ZLYm1WMlkxVkVhRzlhSzAxQldtbEVVMFkzYmtaM1ZYazVRVzR5TlVwdUwxcE9OREZTY1cwMlNteFJZM04zV1FwS1VVbFpSRTFYU1ZoNGExaHNObWRuZVZOdE1rWkNTSEkyYmpSUWJraGxNemhtWm5JME0xSTBSM2hWWWpsdmFIWjFNa1ZqY2pkeWFGQkxWR2h5UjAxcENrRmliRkpXZWxoSE16UXZWbEpNTW5SYVpFRXZTMUJXV0dsQ05rTktiVGd2YkdJdk0zbzJRMDVOYTFoNmRUZDJXRGg1VWtwU0swUndVR0p3WmxOQ1ZYRUtiRlZOZWtaSVRXcG9NMUl5V2xCWFF6ZHJZVU14VW1aS1ZXNTBOMHg0ZDBkNk1FdDVTSGMwT1RoMGNuUTRVblZ5ZFM5QmJFUldWVFl3YVhoRFFUWTFWd3B4WjJ4cU1qa3dkM3BoVmxKa1EwNDVVbmRJYWxKeGFUa3hXRmRhTWxvNFpHUnNhazR4YlZwcE5GWnFiMkZKUVhkMk0zbzRMMDVTVG5KWVVGY3pXRVl6Q21OVGFFUnJlR3BsWXk5NlFtNWhjVGd4TW5OVlFUYzRSVzl4Wm1kNk9UbGphSFJ1TlFvdExTMHRMVVZPUkNCRFJWSlVTVVpKUTBGVVJTMHRMUzB0Q2c9PScgLS1hcGlzZXJ2ZXItZW5kcG9pbnQgJ2h0dHBzOi8vQUI0N0NEQTMyODhDODhDMUE3MDUzMkREMDhCQTRERUYuZ3I3LnVzLWVhc3QtMS5la3MuYW1hem9uYXdzLmNvbScgIC0ta3ViZWxldC1leHRyYS1hcmdzICIiICdzbnlrLWRlbW8tZWtzLTJlYzk5S0c2JwoKIyBBbGxvdyB1c2VyIHN1cHBsaWVkIHVzZXJkYXRhIGNvZGUKZWNobyBmb28gYmFyCg==",
            "vpc_classic_link_id": "",
            "vpc_classic_link_security_groups": null
          },
          "sensitive_attributes": [],
          "private": "bnVsbA==",
          "dependencies": [
            "module.includes.data.aws_availability_zones.available",
            "module.includes.module.eks.aws_cloudwatch_log_group.this",
            "module.includes.module.eks.aws_eks_cluster.this",
            "module.includes.module.eks.aws_iam_instance_profile.workers",
            "module.includes.module.eks.aws_iam_role.cluster",
            "module.includes.module.eks.aws_iam_role.workers",
            "module.includes.module.eks.aws_iam_role_policy_attachment.cluster_AmazonEKSClusterPolicy",
            "module.includes.module.eks.aws_iam_role_policy_attachment.cluster_AmazonEKSServicePolicy",
            "module.includes.module.eks.aws_iam_role_policy_attachment.cluster_AmazonEKSVPCResourceControllerPolicy",
            "module.includes.module.eks.aws_iam_role_policy_attachment.workers_AmazonEC2ContainerRegistryReadOnly",
            "module.includes.module.eks.aws_iam_role_policy_attachment.workers_AmazonEKSWorkerNodePolicy",
            "module.includes.module.eks.aws_iam_role_policy_attachment.workers_AmazonEKS_CNI_Policy",
            "module.includes.module.eks.aws_iam_role_policy_attachment.workers_additional_policies",
            "module.includes.module.eks.aws_security_group.cluster",
            "module.includes.module.eks.aws_security_group.workers",
            "module.includes.module.eks.aws_security_group_rule.cluster_egress_internet",
            "module.includes.module.eks.aws_security_group_rule.cluster_https_worker_ingress",
            "module.includes.module.eks.aws_security_group_rule.cluster_primary_ingress_workers",
            "module.includes.module.eks.aws_security_group_rule.workers_egress_internet",
            "module.includes.module.eks.aws_security_group_rule.workers_ingress_cluster",
            "module.includes.module.eks.aws_security_group_rule.workers_ingress_cluster_https",
            "module.includes.module.eks.aws_security_group_rule.workers_ingress_cluster_kubelet",
            "module.includes.module.eks.aws_security_group_rule.workers_ingress_cluster_primary",
            "module.includes.module.eks.aws_security_group_rule.workers_ingress_self",
            "module.includes.module.eks.data.aws_ami.eks_worker",
            "module.includes.module.eks.data.aws_ami.eks_worker_windows",
            "module.includes.module.eks.data.aws_iam_instance_profile.custom_worker_group_iam_instance_profile",
            "module.includes.module.eks.data.aws_iam_policy_document.cluster_assume_role_policy",
            "module.includes.module.eks.data.aws_iam_policy_document.workers_assume_role_policy",
            "module.includes.module.eks.data.aws_iam_role.custom_cluster_iam_role",
            "module.includes.module.eks.data.aws_partition.current",
            "module.includes.module.vpc.aws_subnet.private",
            "module.includes.module.vpc.aws_vpc.this",
            "module.includes.module.vpc.aws_vpc_ipv4_cidr_block_association.this",
            "module.includes.random_string.suffix",
            "module.sg.aws_security_group.worker_group_mgmt_one",
            "module.sg.aws_security_group.worker_group_mgmt_two"
          ],
          "create_before_destroy": true
        }
      ]
    },
    {
      "module": "module.includes.module.eks",
      "mode": "managed",
      "type": "aws_security_group",
      "name": "cluster",
      "provider": "provider[\"registry.terraform.io/hashicorp/aws\"]",
      "instances": [
        {
          "index_key": 0,
          "schema_version": 1,
          "attributes": {
            "arn": "arn:aws:ec2:us-east-1:021770407384:security-group/sg-012580b2db6834e10",
            "description": "EKS cluster security group.",
            "egress": [],
            "id": "sg-012580b2db6834e10",
            "ingress": [],
            "name": "snyk-demo-eks-2ec99KG620230216172618276100000009",
            "name_prefix": "snyk-demo-eks-2ec99KG6",
            "owner_id": "021770407384",
            "revoke_rules_on_delete": false,
            "tags": {
              "Name": "snyk-demo-eks-2ec99KG6-eks_cluster_sg"
            },
            "tags_all": {
              "Name": "snyk-demo-eks-2ec99KG6-eks_cluster_sg"
            },
            "timeouts": null,
            "vpc_id": "vpc-0e5c7132a72c81218"
          },
          "sensitive_attributes": [],
          "private": "eyJlMmJmYjczMC1lY2FhLTExZTYtOGY4OC0zNDM2M2JjN2M0YzAiOnsiY3JlYXRlIjo2MDAwMDAwMDAwMDAsImRlbGV0ZSI6OTAwMDAwMDAwMDAwfSwic2NoZW1hX3ZlcnNpb24iOiIxIn0=",
          "dependencies": [
            "module.includes.module.vpc.aws_vpc.this",
            "module.includes.random_string.suffix"
          ],
          "create_before_destroy": true
        }
      ]
    },
    {
      "module": "module.includes.module.eks",
      "mode": "managed",
      "type": "aws_security_group",
      "name": "workers",
      "provider": "provider[\"registry.terraform.io/hashicorp/aws\"]",
      "instances": [
        {
          "index_key": 0,
          "schema_version": 1,
          "attributes": {
            "arn": "arn:aws:ec2:us-east-1:021770407384:security-group/sg-00cf435422594d503",
            "description": "Security group for all nodes in the cluster.",
            "egress": [],
            "id": "sg-00cf435422594d503",
            "ingress": [],
            "name": "snyk-demo-eks-2ec99KG62023021617261931450000000a",
            "name_prefix": "snyk-demo-eks-2ec99KG6",
            "owner_id": "021770407384",
            "revoke_rules_on_delete": false,
            "tags": {
              "Name": "snyk-demo-eks-2ec99KG6-eks_worker_sg",
              "kubernetes.io/cluster/snyk-demo-eks-2ec99KG6": "owned"
            },
            "tags_all": {
              "Name": "snyk-demo-eks-2ec99KG6-eks_worker_sg",
              "kubernetes.io/cluster/snyk-demo-eks-2ec99KG6": "owned"
            },
            "timeouts": null,
            "vpc_id": "vpc-0e5c7132a72c81218"
          },
          "sensitive_attributes": [],
          "private": "eyJlMmJmYjczMC1lY2FhLTExZTYtOGY4OC0zNDM2M2JjN2M0YzAiOnsiY3JlYXRlIjo2MDAwMDAwMDAwMDAsImRlbGV0ZSI6OTAwMDAwMDAwMDAwfSwic2NoZW1hX3ZlcnNpb24iOiIxIn0=",
          "dependencies": [
            "module.includes.module.vpc.aws_vpc.this",
            "module.includes.random_string.suffix"
          ],
          "create_before_destroy": true
        }
      ]
    },
    {
      "module": "module.includes.module.eks",
      "mode": "managed",
      "type": "aws_security_group_rule",
      "name": "cluster_egress_internet",
      "provider": "provider[\"registry.terraform.io/hashicorp/aws\"]",
      "instances": [
        {
          "index_key": 0,
          "schema_version": 2,
          "attributes": {
            "cidr_blocks": [
              "0.0.0.0/0"
            ],
            "description": "Allow cluster egress access to the Internet.",
            "from_port": 0,
            "id": "sgrule-2741846529",
            "ipv6_cidr_blocks": null,
            "prefix_list_ids": null,
            "protocol": "-1",
            "security_group_id": "sg-012580b2db6834e10",
            "self": false,
            "source_security_group_id": null,
            "to_port": 0,
            "type": "egress"
          },
          "sensitive_attributes": [],
          "private": "eyJzY2hlbWFfdmVyc2lvbiI6IjIifQ==",
          "dependencies": [
            "module.includes.module.eks.aws_security_group.cluster",
            "module.includes.module.vpc.aws_vpc.this",
            "module.includes.random_string.suffix"
          ],
          "create_before_destroy": true
        }
      ]
    },
    {
      "module": "module.includes.module.eks",
      "mode": "managed",
      "type": "aws_security_group_rule",
      "name": "cluster_https_worker_ingress",
      "provider": "provider[\"registry.terraform.io/hashicorp/aws\"]",
      "instances": [
        {
          "index_key": 0,
          "schema_version": 2,
          "attributes": {
            "cidr_blocks": null,
            "description": "Allow pods to communicate with the EKS cluster API.",
            "from_port": 443,
            "id": "sgrule-762493765",
            "ipv6_cidr_blocks": null,
            "prefix_list_ids": null,
            "protocol": "tcp",
            "security_group_id": "sg-012580b2db6834e10",
            "self": false,
            "source_security_group_id": "sg-00cf435422594d503",
            "to_port": 443,
            "type": "ingress"
          },
          "sensitive_attributes": [],
          "private": "eyJzY2hlbWFfdmVyc2lvbiI6IjIifQ==",
          "dependencies": [
            "module.includes.module.eks.aws_security_group.cluster",
            "module.includes.module.eks.aws_security_group.workers",
            "module.includes.module.vpc.aws_vpc.this",
            "module.includes.random_string.suffix"
          ],
          "create_before_destroy": true
        }
      ]
    },
    {
      "module": "module.includes.module.eks",
      "mode": "managed",
      "type": "aws_security_group_rule",
      "name": "workers_egress_internet",
      "provider": "provider[\"registry.terraform.io/hashicorp/aws\"]",
      "instances": [
        {
          "index_key": 0,
          "schema_version": 2,
          "attributes": {
            "cidr_blocks": [
              "0.0.0.0/0"
            ],
            "description": "Allow nodes all egress to the Internet.",
            "from_port": 0,
            "id": "sgrule-964685434",
            "ipv6_cidr_blocks": null,
            "prefix_list_ids": null,
            "protocol": "-1",
            "security_group_id": "sg-00cf435422594d503",
            "self": false,
            "source_security_group_id": null,
            "to_port": 0,
            "type": "egress"
          },
          "sensitive_attributes": [],
          "private": "eyJzY2hlbWFfdmVyc2lvbiI6IjIifQ==",
          "dependencies": [
            "module.includes.module.eks.aws_security_group.workers",
            "module.includes.module.vpc.aws_vpc.this",
            "module.includes.random_string.suffix"
          ],
          "create_before_destroy": true
        }
      ]
    },
    {
      "module": "module.includes.module.eks",
      "mode": "managed",
      "type": "aws_security_group_rule",
      "name": "workers_ingress_cluster",
      "provider": "provider[\"registry.terraform.io/hashicorp/aws\"]",
      "instances": [
        {
          "index_key": 0,
          "schema_version": 2,
          "attributes": {
            "cidr_blocks": null,
            "description": "Allow workers pods to receive communication from the cluster control plane.",
            "from_port": 1025,
            "id": "sgrule-2200887996",
            "ipv6_cidr_blocks": null,
            "prefix_list_ids": null,
            "protocol": "tcp",
            "security_group_id": "sg-00cf435422594d503",
            "self": false,
            "source_security_group_id": "sg-012580b2db6834e10",
            "to_port": 65535,
            "type": "ingress"
          },
          "sensitive_attributes": [],
          "private": "eyJzY2hlbWFfdmVyc2lvbiI6IjIifQ==",
          "dependencies": [
            "module.includes.module.eks.aws_security_group.cluster",
            "module.includes.module.eks.aws_security_group.workers",
            "module.includes.module.vpc.aws_vpc.this",
            "module.includes.random_string.suffix"
          ],
          "create_before_destroy": true
        }
      ]
    },
    {
      "module": "module.includes.module.eks",
      "mode": "managed",
      "type": "aws_security_group_rule",
      "name": "workers_ingress_cluster_https",
      "provider": "provider[\"registry.terraform.io/hashicorp/aws\"]",
      "instances": [
        {
          "index_key": 0,
          "schema_version": 2,
          "attributes": {
            "cidr_blocks": null,
            "description": "Allow pods running extension API servers on port 443 to receive communication from cluster control plane.",
            "from_port": 443,
            "id": "sgrule-4236981184",
            "ipv6_cidr_blocks": null,
            "prefix_list_ids": null,
            "protocol": "tcp",
            "security_group_id": "sg-00cf435422594d503",
            "self": false,
            "source_security_group_id": "sg-012580b2db6834e10",
            "to_port": 443,
            "type": "ingress"
          },
          "sensitive_attributes": [],
          "private": "eyJzY2hlbWFfdmVyc2lvbiI6IjIifQ==",
          "dependencies": [
            "module.includes.module.eks.aws_security_group.cluster",
            "module.includes.module.eks.aws_security_group.workers",
            "module.includes.module.vpc.aws_vpc.this",
            "module.includes.random_string.suffix"
          ],
          "create_before_destroy": true
        }
      ]
    },
    {
      "module": "module.includes.module.eks",
      "mode": "managed",
      "type": "aws_security_group_rule",
      "name": "workers_ingress_self",
      "provider": "provider[\"registry.terraform.io/hashicorp/aws\"]",
      "instances": [
        {
          "index_key": 0,
          "schema_version": 2,
          "attributes": {
            "cidr_blocks": null,
            "description": "Allow node to communicate with each other.",
            "from_port": 0,
            "id": "sgrule-2673314557",
            "ipv6_cidr_blocks": null,
            "prefix_list_ids": null,
            "protocol": "-1",
            "security_group_id": "sg-00cf435422594d503",
            "self": false,
            "source_security_group_id": "sg-00cf435422594d503",
            "to_port": 65535,
            "type": "ingress"
          },
          "sensitive_attributes": [],
          "private": "eyJzY2hlbWFfdmVyc2lvbiI6IjIifQ==",
          "dependencies": [
            "module.includes.module.eks.aws_security_group.workers",
            "module.includes.module.vpc.aws_vpc.this",
            "module.includes.random_string.suffix"
          ],
          "create_before_destroy": true
        }
      ]
    },
    {
      "module": "module.includes.module.eks",
      "mode": "managed",
      "type": "kubernetes_config_map",
      "name": "aws_auth",
      "provider": "provider[\"registry.terraform.io/hashicorp/kubernetes\"]",
      "instances": [
        {
          "index_key": 0,
          "schema_version": 0,
          "attributes": {
            "binary_data": null,
            "data": {
              "mapAccounts": "[]\n",
              "mapRoles": "- \"groups\":\n  - \"system:bootstrappers\"\n  - \"system:nodes\"\n  \"rolearn\": \"arn:aws:iam::021770407384:role/snyk-demo-eks-2ec99KG62023021617365358810000000e\"\n  \"username\": \"system:node:{{EC2PrivateDNSName}}\"\n",
              "mapUsers": "[]\n"
            },
            "id": "kube-system/aws-auth",
            "metadata": [
              {
                "annotations": null,
                "generate_name": "",
                "generation": 0,
                "labels": {
                  "app.kubernetes.io/managed-by": "Terraform",
                  "terraform.io/module": "terraform-aws-modules.eks.aws"
                },
                "name": "aws-auth",
                "namespace": "kube-system",
                "resource_version": "913",
                "uid": "da19b43b-595e-425e-b028-69f1a527f775"
              }
            ]
          },
          "sensitive_attributes": [],
          "private": "bnVsbA==",
          "dependencies": [
            "module.includes.data.aws_availability_zones.available",
            "module.includes.data.aws_eks_cluster.cluster",
            "module.includes.data.aws_eks_cluster_auth.cluster",
            "module.includes.module.eks.aws_cloudwatch_log_group.this",
            "module.includes.module.eks.aws_eks_cluster.this",
            "module.includes.module.eks.aws_iam_instance_profile.workers",
            "module.includes.module.eks.aws_iam_instance_profile.workers_launch_template",
            "module.includes.module.eks.aws_iam_role.cluster",
            "module.includes.module.eks.aws_iam_role.workers",
            "module.includes.module.eks.aws_iam_role_policy_attachment.cluster_AmazonEKSClusterPolicy",
            "module.includes.module.eks.aws_iam_role_policy_attachment.cluster_AmazonEKSServicePolicy",
            "module.includes.module.eks.aws_iam_role_policy_attachment.cluster_AmazonEKSVPCResourceControllerPolicy",
            "module.includes.module.eks.aws_iam_role_policy_attachment.workers_AmazonEC2ContainerRegistryReadOnly",
            "module.includes.module.eks.aws_iam_role_policy_attachment.workers_AmazonEKSWorkerNodePolicy",
            "module.includes.module.eks.aws_iam_role_policy_attachment.workers_AmazonEKS_CNI_Policy",
            "module.includes.module.eks.aws_security_group.cluster",
            "module.includes.module.eks.aws_security_group.workers",
            "module.includes.module.eks.aws_security_group_rule.cluster_egress_internet",
            "module.includes.module.eks.aws_security_group_rule.cluster_https_worker_ingress",
            "module.includes.module.eks.aws_security_group_rule.cluster_private_access_cidrs_source",
            "module.includes.module.eks.aws_security_group_rule.cluster_private_access_sg_source",
            "module.includes.module.eks.data.aws_ami.eks_worker",
            "module.includes.module.eks.data.aws_ami.eks_worker_windows",
            "module.includes.module.eks.data.aws_caller_identity.current",
            "module.includes.module.eks.data.aws_iam_instance_profile.custom_worker_group_iam_instance_profile",
            "module.includes.module.eks.data.aws_iam_instance_profile.custom_worker_group_launch_template_iam_instance_profile",
            "module.includes.module.eks.data.aws_iam_policy_document.cluster_assume_role_policy",
            "module.includes.module.eks.data.aws_iam_policy_document.workers_assume_role_policy",
            "module.includes.module.eks.data.aws_iam_role.custom_cluster_iam_role",
            "module.includes.module.eks.data.aws_partition.current",
            "module.includes.module.eks.data.http.wait_for_cluster",
            "module.includes.module.eks.module.fargate.aws_iam_role.eks_fargate_pod",
            "module.includes.module.eks.module.fargate.data.aws_iam_role.custom_fargate_iam_role",
            "module.includes.module.vpc.aws_subnet.private",
            "module.includes.module.vpc.aws_vpc.this",
            "module.includes.module.vpc.aws_vpc_ipv4_cidr_block_association.this",
            "module.includes.random_string.suffix",
            "module.sg.aws_security_group.worker_group_mgmt_one",
            "module.sg.aws_security_group.worker_group_mgmt_two"
          ]
        }
      ]
    },
    {
      "module": "module.includes.module.eks",
      "mode": "managed",
      "type": "local_file",
      "name": "kubeconfig",
      "provider": "provider[\"registry.terraform.io/hashicorp/local\"]",
      "instances": [
        {
          "index_key": 0,
          "schema_version": 0,
          "attributes": {
            "content": "apiVersion: v1\npreferences: {}\nkind: Config\n\nclusters:\n- cluster:\n    server: https://AB47CDA3288C88C1A70532DD08BA4DEF.gr7.us-east-1.eks.amazonaws.com\n    certificate-authority-data: LS0tLS1CRUdJTiBDRVJUSUZJQ0FURS0tLS0tCk1JSUM1ekNDQWMrZ0F3SUJBZ0lCQURBTkJna3Foa2lHOXcwQkFRc0ZBREFWTVJNd0VRWURWUVFERXdwcmRXSmwKY201bGRHVnpNQjRYRFRJek1ESXhOakUzTXpJME1Wb1hEVE16TURJeE16RTNNekkwTVZvd0ZURVRNQkVHQTFVRQpBeE1LYTNWaVpYSnVaWFJsY3pDQ0FTSXdEUVlKS29aSWh2Y05BUUVCQlFBRGdnRVBBRENDQVFvQ2dnRUJBTFhUCnc2NlV1cG1UZDZnMDE1eEFVREN3SEw1Z0c0NEN5akQwNi9uOEx2R29KaUxJOW9jOEFyd1pld2VoaHgyNGtyaUYKR0gwSE1neWsvbHFPSFhqd3BqZGlNVTdJTG43RGo2ei9EL2FlYld2bGYvVXh0dHdkQ2ZBNU1mZTZGM3VxbjdobwpHQU1pRER1SGh3RTBMQ0pGa09mbXVIOU11L2dDaFYvZGowRnFhV3JkTWFld1RPMVZJQ2VhcEhycVBYNkE5cVNhCkIxK2p4V3hITGpMS013SXdUTmltZk00cmRtVU0xYS9iNGloTXNMV0dCL1lVcFVQNlRLUkNyeU9LNkh3V04rOEsKZVpkNWNhN2lzUnNKSHFzcnJvZnNIV3FZYW9TdzlycVBBdFIreGRZNURubXdpK0wwU3k1UEhjNDdkYVkvUVRURgpqQ1UydWdLOUpZREZlaG9KS0M4Q0F3RUFBYU5DTUVBd0RnWURWUjBQQVFIL0JBUURBZ0trTUE4R0ExVWRFd0VCCi93UUZNQU1CQWY4d0hRWURWUjBPQkJZRUZHRGNUeVVvcngwY1BlRmpWYVFlRnRhYW5DS29NQTBHQ1NxR1NJYjMKRFFFQkN3VUFBNElCQVFCWkVKbmV2Y1VEaG9aK01BWmlEU0Y3bkZ3VXk5QW4yNUpuL1pONDFScW02SmxRY3N3WQpKUUlZRE1XSVh4a1hsNmdneVNtMkZCSHI2bjRQbkhlMzhmZnI0M1I0R3hVYjlvaHZ1MkVjcjdyaFBLVGhyR01pCkFibFJWelhHMzQvVlJMMnRaZEEvS1BWWGlCNkNKbTgvbGIvM3o2Q05Na1h6dTd2WDh5UkpSK0RwUGJwZlNCVXEKbFVNekZITWpoM1IyWlBXQzdrYUMxUmZKVW50N0x4d0d6MEt5SHc0OTh0cnQ4UnVydS9BbERWVTYwaXhDQTY1VwpxZ2xqMjkwd3phVlJkQ045UndIalJxaTkxWFdaMlo4ZGRsak4xbVppNFZqb2FJQXd2M3o4L05STnJYUFczWEYzCmNTaERreGplYy96Qm5hcTgxMnNVQTc4RW9xZmd6OTljaHRuNQotLS0tLUVORCBDRVJUSUZJQ0FURS0tLS0tCg==\n  name: eks_snyk-demo-eks-2ec99KG6\n\ncontexts:\n- context:\n    cluster: eks_snyk-demo-eks-2ec99KG6\n    user: eks_snyk-demo-eks-2ec99KG6\n  name: eks_snyk-demo-eks-2ec99KG6\n\ncurrent-context: eks_snyk-demo-eks-2ec99KG6\n\nusers:\n- name: eks_snyk-demo-eks-2ec99KG6\n  user:\n    exec:\n      apiVersion: client.authentication.k8s.io/v1alpha1\n      command: aws-iam-authenticator\n      args:\n        - \"token\"\n        - \"-i\"\n        - \"snyk-demo-eks-2ec99KG6\"\n",
            "content_base64": null,
            "directory_permission": "0755",
            "file_permission": "0600",
            "filename": "./kubeconfig_snyk-demo-eks-2ec99KG6",
            "id": "6fe56e6e7d5ad9d97e62d08a088d72579e9524cd",
            "sensitive_content": null,
            "source": null
          },
          "sensitive_attributes": [],
          "private": "bnVsbA==",
          "dependencies": [
            "module.includes.data.aws_availability_zones.available",
            "module.includes.module.eks.aws_cloudwatch_log_group.this",
            "module.includes.module.eks.aws_eks_cluster.this",
            "module.includes.module.eks.aws_iam_role.cluster",
            "module.includes.module.eks.aws_iam_role_policy_attachment.cluster_AmazonEKSClusterPolicy",
            "module.includes.module.eks.aws_iam_role_policy_attachment.cluster_AmazonEKSServicePolicy",
            "module.includes.module.eks.aws_iam_role_policy_attachment.cluster_AmazonEKSVPCResourceControllerPolicy",
            "module.includes.module.eks.aws_security_group.cluster",
            "module.includes.module.eks.aws_security_group.workers",
            "module.includes.module.eks.aws_security_group_rule.cluster_egress_internet",
            "module.includes.module.eks.aws_security_group_rule.cluster_https_worker_ingress",
            "module.includes.module.eks.data.aws_iam_policy_document.cluster_assume_role_policy",
            "module.includes.module.eks.data.aws_iam_role.custom_cluster_iam_role",
            "module.includes.module.eks.data.aws_partition.current",
            "module.includes.module.vpc.aws_subnet.private",
            "module.includes.module.vpc.aws_vpc.this",
            "module.includes.module.vpc.aws_vpc_ipv4_cidr_block_association.this",
            "module.includes.random_string.suffix"
          ]
        }
      ]
    },
    {
      "module": "module.includes.module.eks.module.fargate",
      "mode": "data",
      "type": "aws_partition",
      "name": "current",
      "provider": "provider[\"registry.terraform.io/hashicorp/aws\"]",
      "instances": [
        {
          "schema_version": 0,
          "attributes": {
            "dns_suffix": "amazonaws.com",
            "id": "aws",
            "partition": "aws",
            "reverse_dns_prefix": "com.amazonaws"
          },
          "sensitive_attributes": []
        }
      ]
    },
    {
      "module": "module.includes.module.vpc",
      "mode": "managed",
      "type": "aws_eip",
      "name": "nat",
      "provider": "provider[\"registry.terraform.io/hashicorp/aws\"]",
      "instances": [
        {
          "index_key": 0,
          "schema_version": 0,
          "attributes": {
            "address": null,
            "allocation_id": "eipalloc-091829c47fa75f30e",
            "associate_with_private_ip": null,
            "association_id": "",
            "carrier_ip": "",
            "customer_owned_ip": "",
            "customer_owned_ipv4_pool": "",
            "domain": "vpc",
            "id": "eipalloc-091829c47fa75f30e",
            "instance": "",
            "network_border_group": "us-east-1",
            "network_interface": "",
            "private_dns": null,
            "private_ip": "",
            "public_dns": "ec2-52-200-146-2.compute-1.amazonaws.com",
            "public_ip": "52.200.146.2",
            "public_ipv4_pool": "amazon",
            "tags": {
              "Name": "snyk-demo-vpc-us-east-1a",
              "kubernetes.io/cluster/snyk-demo-eks-2ec99KG6": "shared"
            },
            "tags_all": {
              "Name": "snyk-demo-vpc-us-east-1a",
              "kubernetes.io/cluster/snyk-demo-eks-2ec99KG6": "shared"
            },
            "timeouts": null,
            "vpc": true
          },
          "sensitive_attributes": [],
          "private": "eyJlMmJmYjczMC1lY2FhLTExZTYtOGY4OC0zNDM2M2JjN2M0YzAiOnsiZGVsZXRlIjoxODAwMDAwMDAwMDAsInJlYWQiOjkwMDAwMDAwMDAwMCwidXBkYXRlIjozMDAwMDAwMDAwMDB9fQ==",
          "dependencies": [
            "module.includes.data.aws_availability_zones.available",
            "module.includes.random_string.suffix"
          ]
        }
      ]
    },
    {
      "module": "module.includes.module.vpc",
      "mode": "managed",
      "type": "aws_internet_gateway",
      "name": "this",
      "provider": "provider[\"registry.terraform.io/hashicorp/aws\"]",
      "instances": [
        {
          "index_key": 0,
          "schema_version": 0,
          "attributes": {
            "arn": "arn:aws:ec2:us-east-1:021770407384:internet-gateway/igw-0f46eb68e17887538",
            "id": "igw-0f46eb68e17887538",
            "owner_id": "021770407384",
            "tags": {
              "Name": "snyk-demo-vpc",
              "kubernetes.io/cluster/snyk-demo-eks-2ec99KG6": "shared"
            },
            "tags_all": {
              "Name": "snyk-demo-vpc",
              "kubernetes.io/cluster/snyk-demo-eks-2ec99KG6": "shared"
            },
            "vpc_id": "vpc-0e5c7132a72c81218"
          },
          "sensitive_attributes": [],
          "private": "bnVsbA==",
          "dependencies": [
            "module.includes.module.vpc.aws_vpc.this",
            "module.includes.module.vpc.aws_vpc_ipv4_cidr_block_association.this",
            "module.includes.random_string.suffix"
          ]
        }
      ]
    },
    {
      "module": "module.includes.module.vpc",
      "mode": "managed",
      "type": "aws_nat_gateway",
      "name": "this",
      "provider": "provider[\"registry.terraform.io/hashicorp/aws\"]",
      "instances": [
        {
          "index_key": 0,
          "schema_version": 0,
          "attributes": {
            "allocation_id": "eipalloc-091829c47fa75f30e",
            "connectivity_type": "public",
            "id": "nat-0c5388646af74aaa4",
            "network_interface_id": "eni-04dbf597f52010fb1",
            "private_ip": "10.0.4.140",
            "public_ip": "52.200.146.2",
            "subnet_id": "subnet-031e2e888ccb4ee72",
            "tags": {
              "Name": "snyk-demo-vpc-us-east-1a",
              "kubernetes.io/cluster/snyk-demo-eks-2ec99KG6": "shared"
            },
            "tags_all": {
              "Name": "snyk-demo-vpc-us-east-1a",
              "kubernetes.io/cluster/snyk-demo-eks-2ec99KG6": "shared"
            }
          },
          "sensitive_attributes": [],
          "private": "bnVsbA==",
          "dependencies": [
            "module.includes.data.aws_availability_zones.available",
            "module.includes.module.vpc.aws_eip.nat",
            "module.includes.module.vpc.aws_internet_gateway.this",
            "module.includes.module.vpc.aws_subnet.public",
            "module.includes.module.vpc.aws_vpc.this",
            "module.includes.module.vpc.aws_vpc_ipv4_cidr_block_association.this",
            "module.includes.random_string.suffix"
          ]
        }
      ]
    },
    {
      "module": "module.includes.module.vpc",
      "mode": "managed",
      "type": "aws_route",
      "name": "private_nat_gateway",
      "provider": "provider[\"registry.terraform.io/hashicorp/aws\"]",
      "instances": [
        {
          "index_key": 0,
          "schema_version": 0,
          "attributes": {
            "carrier_gateway_id": "",
            "destination_cidr_block": "0.0.0.0/0",
            "destination_ipv6_cidr_block": "",
            "destination_prefix_list_id": "",
            "egress_only_gateway_id": "",
            "gateway_id": "",
            "id": "r-rtb-0e9be1dec5575dafb1080289494",
            "instance_id": "",
            "instance_owner_id": "",
            "local_gateway_id": "",
            "nat_gateway_id": "nat-0c5388646af74aaa4",
            "network_interface_id": "",
            "origin": "CreateRoute",
            "route_table_id": "rtb-0e9be1dec5575dafb",
            "state": "active",
            "timeouts": {
              "create": "5m",
              "delete": null,
              "update": null
            },
            "transit_gateway_id": "",
            "vpc_endpoint_id": "",
            "vpc_peering_connection_id": ""
          },
          "sensitive_attributes": [],
          "private": "eyJlMmJmYjczMC1lY2FhLTExZTYtOGY4OC0zNDM2M2JjN2M0YzAiOnsiY3JlYXRlIjozMDAwMDAwMDAwMDAsImRlbGV0ZSI6MzAwMDAwMDAwMDAwLCJ1cGRhdGUiOjEyMDAwMDAwMDAwMH19",
          "dependencies": [
            "module.includes.data.aws_availability_zones.available",
            "module.includes.module.vpc.aws_eip.nat",
            "module.includes.module.vpc.aws_internet_gateway.this",
            "module.includes.module.vpc.aws_nat_gateway.this",
            "module.includes.module.vpc.aws_route_table.private",
            "module.includes.module.vpc.aws_subnet.public",
            "module.includes.module.vpc.aws_vpc.this",
            "module.includes.module.vpc.aws_vpc_ipv4_cidr_block_association.this",
            "module.includes.random_string.suffix"
          ]
        }
      ]
    },
    {
      "module": "module.includes.module.vpc",
      "mode": "managed",
      "type": "aws_route",
      "name": "public_internet_gateway",
      "provider": "provider[\"registry.terraform.io/hashicorp/aws\"]",
      "instances": [
        {
          "index_key": 0,
          "schema_version": 0,
          "attributes": {
            "carrier_gateway_id": "",
            "destination_cidr_block": "0.0.0.0/0",
            "destination_ipv6_cidr_block": "",
            "destination_prefix_list_id": "",
            "egress_only_gateway_id": "",
            "gateway_id": "igw-0f46eb68e17887538",
            "id": "r-rtb-0ed90f58925cb59a41080289494",
            "instance_id": "",
            "instance_owner_id": "",
            "local_gateway_id": "",
            "nat_gateway_id": "",
            "network_interface_id": "",
            "origin": "CreateRoute",
            "route_table_id": "rtb-0ed90f58925cb59a4",
            "state": "active",
            "timeouts": {
              "create": "5m",
              "delete": null,
              "update": null
            },
            "transit_gateway_id": "",
            "vpc_endpoint_id": "",
            "vpc_peering_connection_id": ""
          },
          "sensitive_attributes": [],
          "private": "eyJlMmJmYjczMC1lY2FhLTExZTYtOGY4OC0zNDM2M2JjN2M0YzAiOnsiY3JlYXRlIjozMDAwMDAwMDAwMDAsImRlbGV0ZSI6MzAwMDAwMDAwMDAwLCJ1cGRhdGUiOjEyMDAwMDAwMDAwMH19",
          "dependencies": [
            "module.includes.module.vpc.aws_internet_gateway.this",
            "module.includes.module.vpc.aws_route_table.public",
            "module.includes.module.vpc.aws_vpc.this",
            "module.includes.module.vpc.aws_vpc_ipv4_cidr_block_association.this",
            "module.includes.random_string.suffix"
          ]
        }
      ]
    },
    {
      "module": "module.includes.module.vpc",
      "mode": "managed",
      "type": "aws_route_table",
      "name": "private",
      "provider": "provider[\"registry.terraform.io/hashicorp/aws\"]",
      "instances": [
        {
          "index_key": 0,
          "schema_version": 0,
          "attributes": {
            "arn": "arn:aws:ec2:us-east-1:021770407384:route-table/rtb-0e9be1dec5575dafb",
            "id": "rtb-0e9be1dec5575dafb",
            "owner_id": "021770407384",
            "propagating_vgws": [],
            "route": [],
            "tags": {
              "Name": "snyk-demo-vpc-private",
              "kubernetes.io/cluster/snyk-demo-eks-2ec99KG6": "shared"
            },
            "tags_all": {
              "Name": "snyk-demo-vpc-private",
              "kubernetes.io/cluster/snyk-demo-eks-2ec99KG6": "shared"
            },
            "timeouts": null,
            "vpc_id": "vpc-0e5c7132a72c81218"
          },
          "sensitive_attributes": [],
          "private": "eyJlMmJmYjczMC1lY2FhLTExZTYtOGY4OC0zNDM2M2JjN2M0YzAiOnsiY3JlYXRlIjozMDAwMDAwMDAwMDAsImRlbGV0ZSI6MzAwMDAwMDAwMDAwLCJ1cGRhdGUiOjEyMDAwMDAwMDAwMH19",
          "dependencies": [
            "module.includes.data.aws_availability_zones.available",
            "module.includes.module.vpc.aws_vpc.this",
            "module.includes.module.vpc.aws_vpc_ipv4_cidr_block_association.this",
            "module.includes.random_string.suffix"
          ]
        }
      ]
    },
    {
      "module": "module.includes.module.vpc",
      "mode": "managed",
      "type": "aws_route_table",
      "name": "public",
      "provider": "provider[\"registry.terraform.io/hashicorp/aws\"]",
      "instances": [
        {
          "index_key": 0,
          "schema_version": 0,
          "attributes": {
            "arn": "arn:aws:ec2:us-east-1:021770407384:route-table/rtb-0ed90f58925cb59a4",
            "id": "rtb-0ed90f58925cb59a4",
            "owner_id": "021770407384",
            "propagating_vgws": [],
            "route": [],
            "tags": {
              "Name": "snyk-demo-vpc-public",
              "kubernetes.io/cluster/snyk-demo-eks-2ec99KG6": "shared"
            },
            "tags_all": {
              "Name": "snyk-demo-vpc-public",
              "kubernetes.io/cluster/snyk-demo-eks-2ec99KG6": "shared"
            },
            "timeouts": null,
            "vpc_id": "vpc-0e5c7132a72c81218"
          },
          "sensitive_attributes": [],
          "private": "eyJlMmJmYjczMC1lY2FhLTExZTYtOGY4OC0zNDM2M2JjN2M0YzAiOnsiY3JlYXRlIjozMDAwMDAwMDAwMDAsImRlbGV0ZSI6MzAwMDAwMDAwMDAwLCJ1cGRhdGUiOjEyMDAwMDAwMDAwMH19",
          "dependencies": [
            "module.includes.module.vpc.aws_vpc.this",
            "module.includes.module.vpc.aws_vpc_ipv4_cidr_block_association.this",
            "module.includes.random_string.suffix"
          ]
        }
      ]
    },
    {
      "module": "module.includes.module.vpc",
      "mode": "managed",
      "type": "aws_route_table_association",
      "name": "private",
      "provider": "provider[\"registry.terraform.io/hashicorp/aws\"]",
      "instances": [
        {
          "index_key": 0,
          "schema_version": 0,
          "attributes": {
            "gateway_id": "",
            "id": "rtbassoc-04ddabd19c49be3c2",
            "route_table_id": "rtb-0e9be1dec5575dafb",
            "subnet_id": "subnet-01752e214173f9d98"
          },
          "sensitive_attributes": [],
          "private": "bnVsbA==",
          "dependencies": [
            "module.includes.data.aws_availability_zones.available",
            "module.includes.module.vpc.aws_route_table.private",
            "module.includes.module.vpc.aws_subnet.private",
            "module.includes.module.vpc.aws_vpc.this",
            "module.includes.module.vpc.aws_vpc_ipv4_cidr_block_association.this",
            "module.includes.random_string.suffix"
          ]
        },
        {
          "index_key": 1,
          "schema_version": 0,
          "attributes": {
            "gateway_id": "",
            "id": "rtbassoc-0b8348dd5f5f0da2b",
            "route_table_id": "rtb-0e9be1dec5575dafb",
            "subnet_id": "subnet-0d709d18ddfd77f73"
          },
          "sensitive_attributes": [],
          "private": "bnVsbA==",
          "dependencies": [
            "module.includes.data.aws_availability_zones.available",
            "module.includes.module.vpc.aws_route_table.private",
            "module.includes.module.vpc.aws_subnet.private",
            "module.includes.module.vpc.aws_vpc.this",
            "module.includes.module.vpc.aws_vpc_ipv4_cidr_block_association.this",
            "module.includes.random_string.suffix"
          ]
        },
        {
          "index_key": 2,
          "schema_version": 0,
          "attributes": {
            "gateway_id": "",
            "id": "rtbassoc-03172df655fb5154f",
            "route_table_id": "rtb-0e9be1dec5575dafb",
            "subnet_id": "subnet-00885e34a0ac8e6fe"
          },
          "sensitive_attributes": [],
          "private": "bnVsbA==",
          "dependencies": [
            "module.includes.data.aws_availability_zones.available",
            "module.includes.module.vpc.aws_route_table.private",
            "module.includes.module.vpc.aws_subnet.private",
            "module.includes.module.vpc.aws_vpc.this",
            "module.includes.module.vpc.aws_vpc_ipv4_cidr_block_association.this",
            "module.includes.random_string.suffix"
          ]
        }
      ]
    },
    {
      "module": "module.includes.module.vpc",
      "mode": "managed",
      "type": "aws_route_table_association",
      "name": "public",
      "provider": "provider[\"registry.terraform.io/hashicorp/aws\"]",
      "instances": [
        {
          "index_key": 0,
          "schema_version": 0,
          "attributes": {
            "gateway_id": "",
            "id": "rtbassoc-09f7850cd6e0c2a8d",
            "route_table_id": "rtb-0ed90f58925cb59a4",
            "subnet_id": "subnet-031e2e888ccb4ee72"
          },
          "sensitive_attributes": [],
          "private": "bnVsbA==",
          "dependencies": [
            "module.includes.data.aws_availability_zones.available",
            "module.includes.module.vpc.aws_route_table.public",
            "module.includes.module.vpc.aws_subnet.public",
            "module.includes.module.vpc.aws_vpc.this",
            "module.includes.module.vpc.aws_vpc_ipv4_cidr_block_association.this",
            "module.includes.random_string.suffix"
          ]
        },
        {
          "index_key": 1,
          "schema_version": 0,
          "attributes": {
            "gateway_id": "",
            "id": "rtbassoc-0cb2634074e66024f",
            "route_table_id": "rtb-0ed90f58925cb59a4",
            "subnet_id": "subnet-0eaa634e487d7a204"
          },
          "sensitive_attributes": [],
          "private": "bnVsbA==",
          "dependencies": [
            "module.includes.data.aws_availability_zones.available",
            "module.includes.module.vpc.aws_route_table.public",
            "module.includes.module.vpc.aws_subnet.public",
            "module.includes.module.vpc.aws_vpc.this",
            "module.includes.module.vpc.aws_vpc_ipv4_cidr_block_association.this",
            "module.includes.random_string.suffix"
          ]
        },
        {
          "index_key": 2,
          "schema_version": 0,
          "attributes": {
            "gateway_id": "",
            "id": "rtbassoc-0f6e3a141f195ad31",
            "route_table_id": "rtb-0ed90f58925cb59a4",
            "subnet_id": "subnet-08d9ca501d82704ca"
          },
          "sensitive_attributes": [],
          "private": "bnVsbA==",
          "dependencies": [
            "module.includes.data.aws_availability_zones.available",
            "module.includes.module.vpc.aws_route_table.public",
            "module.includes.module.vpc.aws_subnet.public",
            "module.includes.module.vpc.aws_vpc.this",
            "module.includes.module.vpc.aws_vpc_ipv4_cidr_block_association.this",
            "module.includes.random_string.suffix"
          ]
        }
      ]
    },
    {
      "module": "module.includes.module.vpc",
      "mode": "managed",
      "type": "aws_subnet",
      "name": "private",
      "provider": "provider[\"registry.terraform.io/hashicorp/aws\"]",
      "instances": [
        {
          "index_key": 0,
          "schema_version": 1,
          "attributes": {
            "arn": "arn:aws:ec2:us-east-1:021770407384:subnet/subnet-01752e214173f9d98",
            "assign_ipv6_address_on_creation": false,
            "availability_zone": "us-east-1a",
            "availability_zone_id": "use1-az6",
            "cidr_block": "10.0.1.0/24",
            "customer_owned_ipv4_pool": "",
            "enable_dns64": false,
            "enable_resource_name_dns_a_record_on_launch": false,
            "enable_resource_name_dns_aaaa_record_on_launch": false,
            "id": "subnet-01752e214173f9d98",
            "ipv6_cidr_block": "",
            "ipv6_cidr_block_association_id": "",
            "ipv6_native": false,
            "map_customer_owned_ip_on_launch": false,
            "map_public_ip_on_launch": false,
            "outpost_arn": "",
            "owner_id": "021770407384",
            "private_dns_hostname_type_on_launch": "ip-name",
            "tags": {
              "Name": "snyk-demo-vpc-private-us-east-1a",
              "kubernetes.io/cluster/snyk-demo-eks-2ec99KG6": "shared",
              "kubernetes.io/role/internal-elb": "1"
            },
            "tags_all": {
              "Name": "snyk-demo-vpc-private-us-east-1a",
              "kubernetes.io/cluster/snyk-demo-eks-2ec99KG6": "shared",
              "kubernetes.io/role/internal-elb": "1"
            },
            "timeouts": null,
            "vpc_id": "vpc-0e5c7132a72c81218"
          },
          "sensitive_attributes": [],
          "private": "eyJlMmJmYjczMC1lY2FhLTExZTYtOGY4OC0zNDM2M2JjN2M0YzAiOnsiY3JlYXRlIjo2MDAwMDAwMDAwMDAsImRlbGV0ZSI6MTIwMDAwMDAwMDAwMH0sInNjaGVtYV92ZXJzaW9uIjoiMSJ9",
          "dependencies": [
            "module.includes.data.aws_availability_zones.available",
            "module.includes.module.vpc.aws_vpc.this",
            "module.includes.module.vpc.aws_vpc_ipv4_cidr_block_association.this",
            "module.includes.random_string.suffix"
          ],
          "create_before_destroy": true
        },
        {
          "index_key": 1,
          "schema_version": 1,
          "attributes": {
            "arn": "arn:aws:ec2:us-east-1:021770407384:subnet/subnet-0d709d18ddfd77f73",
            "assign_ipv6_address_on_creation": false,
            "availability_zone": "us-east-1b",
            "availability_zone_id": "use1-az1",
            "cidr_block": "10.0.2.0/24",
            "customer_owned_ipv4_pool": "",
            "enable_dns64": false,
            "enable_resource_name_dns_a_record_on_launch": false,
            "enable_resource_name_dns_aaaa_record_on_launch": false,
            "id": "subnet-0d709d18ddfd77f73",
            "ipv6_cidr_block": "",
            "ipv6_cidr_block_association_id": "",
            "ipv6_native": false,
            "map_customer_owned_ip_on_launch": false,
            "map_public_ip_on_launch": false,
            "outpost_arn": "",
            "owner_id": "021770407384",
            "private_dns_hostname_type_on_launch": "ip-name",
            "tags": {
              "Name": "snyk-demo-vpc-private-us-east-1b",
              "kubernetes.io/cluster/snyk-demo-eks-2ec99KG6": "shared",
              "kubernetes.io/role/internal-elb": "1"
            },
            "tags_all": {
              "Name": "snyk-demo-vpc-private-us-east-1b",
              "kubernetes.io/cluster/snyk-demo-eks-2ec99KG6": "shared",
              "kubernetes.io/role/internal-elb": "1"
            },
            "timeouts": null,
            "vpc_id": "vpc-0e5c7132a72c81218"
          },
          "sensitive_attributes": [],
          "private": "eyJlMmJmYjczMC1lY2FhLTExZTYtOGY4OC0zNDM2M2JjN2M0YzAiOnsiY3JlYXRlIjo2MDAwMDAwMDAwMDAsImRlbGV0ZSI6MTIwMDAwMDAwMDAwMH0sInNjaGVtYV92ZXJzaW9uIjoiMSJ9",
          "dependencies": [
            "module.includes.data.aws_availability_zones.available",
            "module.includes.module.vpc.aws_vpc.this",
            "module.includes.module.vpc.aws_vpc_ipv4_cidr_block_association.this",
            "module.includes.random_string.suffix"
          ],
          "create_before_destroy": true
        },
        {
          "index_key": 2,
          "schema_version": 1,
          "attributes": {
            "arn": "arn:aws:ec2:us-east-1:021770407384:subnet/subnet-00885e34a0ac8e6fe",
            "assign_ipv6_address_on_creation": false,
            "availability_zone": "us-east-1c",
            "availability_zone_id": "use1-az2",
            "cidr_block": "10.0.3.0/24",
            "customer_owned_ipv4_pool": "",
            "enable_dns64": false,
            "enable_resource_name_dns_a_record_on_launch": false,
            "enable_resource_name_dns_aaaa_record_on_launch": false,
            "id": "subnet-00885e34a0ac8e6fe",
            "ipv6_cidr_block": "",
            "ipv6_cidr_block_association_id": "",
            "ipv6_native": false,
            "map_customer_owned_ip_on_launch": false,
            "map_public_ip_on_launch": false,
            "outpost_arn": "",
            "owner_id": "021770407384",
            "private_dns_hostname_type_on_launch": "ip-name",
            "tags": {
              "Name": "snyk-demo-vpc-private-us-east-1c",
              "kubernetes.io/cluster/snyk-demo-eks-2ec99KG6": "shared",
              "kubernetes.io/role/internal-elb": "1"
            },
            "tags_all": {
              "Name": "snyk-demo-vpc-private-us-east-1c",
              "kubernetes.io/cluster/snyk-demo-eks-2ec99KG6": "shared",
              "kubernetes.io/role/internal-elb": "1"
            },
            "timeouts": null,
            "vpc_id": "vpc-0e5c7132a72c81218"
          },
          "sensitive_attributes": [],
          "private": "eyJlMmJmYjczMC1lY2FhLTExZTYtOGY4OC0zNDM2M2JjN2M0YzAiOnsiY3JlYXRlIjo2MDAwMDAwMDAwMDAsImRlbGV0ZSI6MTIwMDAwMDAwMDAwMH0sInNjaGVtYV92ZXJzaW9uIjoiMSJ9",
          "dependencies": [
            "module.includes.data.aws_availability_zones.available",
            "module.includes.module.vpc.aws_vpc.this",
            "module.includes.module.vpc.aws_vpc_ipv4_cidr_block_association.this",
            "module.includes.random_string.suffix"
          ],
          "create_before_destroy": true
        }
      ]
    },
    {
      "module": "module.includes.module.vpc",
      "mode": "managed",
      "type": "aws_subnet",
      "name": "public",
      "provider": "provider[\"registry.terraform.io/hashicorp/aws\"]",
      "instances": [
        {
          "index_key": 0,
          "schema_version": 1,
          "attributes": {
            "arn": "arn:aws:ec2:us-east-1:021770407384:subnet/subnet-031e2e888ccb4ee72",
            "assign_ipv6_address_on_creation": false,
            "availability_zone": "us-east-1a",
            "availability_zone_id": "use1-az6",
            "cidr_block": "10.0.4.0/24",
            "customer_owned_ipv4_pool": "",
            "enable_dns64": false,
            "enable_resource_name_dns_a_record_on_launch": false,
            "enable_resource_name_dns_aaaa_record_on_launch": false,
            "id": "subnet-031e2e888ccb4ee72",
            "ipv6_cidr_block": "",
            "ipv6_cidr_block_association_id": "",
            "ipv6_native": false,
            "map_customer_owned_ip_on_launch": false,
            "map_public_ip_on_launch": true,
            "outpost_arn": "",
            "owner_id": "021770407384",
            "private_dns_hostname_type_on_launch": "ip-name",
            "tags": {
              "Name": "snyk-demo-vpc-public-us-east-1a",
              "kubernetes.io/cluster/snyk-demo-eks-2ec99KG6": "shared",
              "kubernetes.io/role/elb": "1"
            },
            "tags_all": {
              "Name": "snyk-demo-vpc-public-us-east-1a",
              "kubernetes.io/cluster/snyk-demo-eks-2ec99KG6": "shared",
              "kubernetes.io/role/elb": "1"
            },
            "timeouts": null,
            "vpc_id": "vpc-0e5c7132a72c81218"
          },
          "sensitive_attributes": [],
          "private": "eyJlMmJmYjczMC1lY2FhLTExZTYtOGY4OC0zNDM2M2JjN2M0YzAiOnsiY3JlYXRlIjo2MDAwMDAwMDAwMDAsImRlbGV0ZSI6MTIwMDAwMDAwMDAwMH0sInNjaGVtYV92ZXJzaW9uIjoiMSJ9",
          "dependencies": [
            "module.includes.data.aws_availability_zones.available",
            "module.includes.module.vpc.aws_vpc.this",
            "module.includes.module.vpc.aws_vpc_ipv4_cidr_block_association.this",
            "module.includes.random_string.suffix"
          ]
        },
        {
          "index_key": 1,
          "schema_version": 1,
          "attributes": {
            "arn": "arn:aws:ec2:us-east-1:021770407384:subnet/subnet-0eaa634e487d7a204",
            "assign_ipv6_address_on_creation": false,
            "availability_zone": "us-east-1b",
            "availability_zone_id": "use1-az1",
            "cidr_block": "10.0.5.0/24",
            "customer_owned_ipv4_pool": "",
            "enable_dns64": false,
            "enable_resource_name_dns_a_record_on_launch": false,
            "enable_resource_name_dns_aaaa_record_on_launch": false,
            "id": "subnet-0eaa634e487d7a204",
            "ipv6_cidr_block": "",
            "ipv6_cidr_block_association_id": "",
            "ipv6_native": false,
            "map_customer_owned_ip_on_launch": false,
            "map_public_ip_on_launch": true,
            "outpost_arn": "",
            "owner_id": "021770407384",
            "private_dns_hostname_type_on_launch": "ip-name",
            "tags": {
              "Name": "snyk-demo-vpc-public-us-east-1b",
              "kubernetes.io/cluster/snyk-demo-eks-2ec99KG6": "shared",
              "kubernetes.io/role/elb": "1"
            },
            "tags_all": {
              "Name": "snyk-demo-vpc-public-us-east-1b",
              "kubernetes.io/cluster/snyk-demo-eks-2ec99KG6": "shared",
              "kubernetes.io/role/elb": "1"
            },
            "timeouts": null,
            "vpc_id": "vpc-0e5c7132a72c81218"
          },
          "sensitive_attributes": [],
          "private": "eyJlMmJmYjczMC1lY2FhLTExZTYtOGY4OC0zNDM2M2JjN2M0YzAiOnsiY3JlYXRlIjo2MDAwMDAwMDAwMDAsImRlbGV0ZSI6MTIwMDAwMDAwMDAwMH0sInNjaGVtYV92ZXJzaW9uIjoiMSJ9",
          "dependencies": [
            "module.includes.data.aws_availability_zones.available",
            "module.includes.module.vpc.aws_vpc.this",
            "module.includes.module.vpc.aws_vpc_ipv4_cidr_block_association.this",
            "module.includes.random_string.suffix"
          ]
        },
        {
          "index_key": 2,
          "schema_version": 1,
          "attributes": {
            "arn": "arn:aws:ec2:us-east-1:021770407384:subnet/subnet-08d9ca501d82704ca",
            "assign_ipv6_address_on_creation": false,
            "availability_zone": "us-east-1c",
            "availability_zone_id": "use1-az2",
            "cidr_block": "10.0.6.0/24",
            "customer_owned_ipv4_pool": "",
            "enable_dns64": false,
            "enable_resource_name_dns_a_record_on_launch": false,
            "enable_resource_name_dns_aaaa_record_on_launch": false,
            "id": "subnet-08d9ca501d82704ca",
            "ipv6_cidr_block": "",
            "ipv6_cidr_block_association_id": "",
            "ipv6_native": false,
            "map_customer_owned_ip_on_launch": false,
            "map_public_ip_on_launch": true,
            "outpost_arn": "",
            "owner_id": "021770407384",
            "private_dns_hostname_type_on_launch": "ip-name",
            "tags": {
              "Name": "snyk-demo-vpc-public-us-east-1c",
              "kubernetes.io/cluster/snyk-demo-eks-2ec99KG6": "shared",
              "kubernetes.io/role/elb": "1"
            },
            "tags_all": {
              "Name": "snyk-demo-vpc-public-us-east-1c",
              "kubernetes.io/cluster/snyk-demo-eks-2ec99KG6": "shared",
              "kubernetes.io/role/elb": "1"
            },
            "timeouts": null,
            "vpc_id": "vpc-0e5c7132a72c81218"
          },
          "sensitive_attributes": [],
          "private": "eyJlMmJmYjczMC1lY2FhLTExZTYtOGY4OC0zNDM2M2JjN2M0YzAiOnsiY3JlYXRlIjo2MDAwMDAwMDAwMDAsImRlbGV0ZSI6MTIwMDAwMDAwMDAwMH0sInNjaGVtYV92ZXJzaW9uIjoiMSJ9",
          "dependencies": [
            "module.includes.data.aws_availability_zones.available",
            "module.includes.module.vpc.aws_vpc.this",
            "module.includes.module.vpc.aws_vpc_ipv4_cidr_block_association.this",
            "module.includes.random_string.suffix"
          ]
        }
      ]
    },
    {
      "module": "module.includes.module.vpc",
      "mode": "managed",
      "type": "aws_vpc",
      "name": "this",
      "provider": "provider[\"registry.terraform.io/hashicorp/aws\"]",
      "instances": [
        {
          "index_key": 0,
          "schema_version": 1,
          "attributes": {
            "arn": "arn:aws:ec2:us-east-1:021770407384:vpc/vpc-0e5c7132a72c81218",
            "assign_generated_ipv6_cidr_block": false,
            "cidr_block": "10.0.0.0/16",
            "default_network_acl_id": "acl-0c4b07921c728ca01",
            "default_route_table_id": "rtb-0b00d8cc0949b0422",
            "default_security_group_id": "sg-0e1f03816201e1821",
            "dhcp_options_id": "dopt-eae0de91",
            "enable_classiclink": false,
            "enable_classiclink_dns_support": false,
            "enable_dns_hostnames": true,
            "enable_dns_support": true,
            "id": "vpc-0e5c7132a72c81218",
            "instance_tenancy": "default",
            "ipv4_ipam_pool_id": null,
            "ipv4_netmask_length": null,
            "ipv6_association_id": "",
            "ipv6_cidr_block": "",
            "ipv6_ipam_pool_id": null,
            "ipv6_netmask_length": null,
            "main_route_table_id": "rtb-0b00d8cc0949b0422",
            "owner_id": "021770407384",
            "tags": {
              "Name": "snyk-demo-vpc",
              "kubernetes.io/cluster/snyk-demo-eks-2ec99KG6": "shared"
            },
            "tags_all": {
              "Name": "snyk-demo-vpc",
              "kubernetes.io/cluster/snyk-demo-eks-2ec99KG6": "shared"
            }
          },
          "sensitive_attributes": [],
          "private": "eyJzY2hlbWFfdmVyc2lvbiI6IjEifQ==",
          "dependencies": [
            "module.includes.random_string.suffix"
          ],
          "create_before_destroy": true
        }
      ]
    },
    {
      "module": "module.sg",
      "mode": "managed",
      "type": "aws_security_group",
      "name": "all_worker_mgmt",
      "provider": "provider[\"registry.terraform.io/hashicorp/aws\"]",
      "instances": [
        {
          "schema_version": 1,
          "attributes": {
            "arn": "arn:aws:ec2:us-east-1:021770407384:security-group/sg-0557412e84e0e5d42",
            "description": "Managed by Terraform",
            "egress": [],
            "id": "sg-0557412e84e0e5d42",
            "ingress": [
              {
                "cidr_blocks": [
                  "10.0.0.0/8",
                  "172.16.0.0/12",
                  "192.168.0.0/16"
                ],
                "description": "",
                "from_port": 22,
                "ipv6_cidr_blocks": [],
                "prefix_list_ids": [],
                "protocol": "tcp",
                "security_groups": [],
                "self": false,
                "to_port": 22
              }
            ],
            "name": "all_worker_management2023021617261973890000000c",
            "name_prefix": "all_worker_management",
            "owner_id": "021770407384",
            "revoke_rules_on_delete": false,
            "tags": null,
            "tags_all": {},
            "timeouts": null,
            "vpc_id": "vpc-0e5c7132a72c81218"
          },
          "sensitive_attributes": [],
          "private": "eyJlMmJmYjczMC1lY2FhLTExZTYtOGY4OC0zNDM2M2JjN2M0YzAiOnsiY3JlYXRlIjo2MDAwMDAwMDAwMDAsImRlbGV0ZSI6OTAwMDAwMDAwMDAwfSwic2NoZW1hX3ZlcnNpb24iOiIxIn0=",
          "dependencies": [
            "module.includes.module.vpc.aws_vpc.this",
            "module.includes.random_string.suffix"
          ]
        }
      ]
    },
    {
      "module": "module.sg",
      "mode": "managed",
      "type": "aws_security_group",
      "name": "snyk_rds_sg",
      "provider": "provider[\"registry.terraform.io/hashicorp/aws\"]",
      "instances": [
        {
          "schema_version": 1,
          "attributes": {
            "arn": "arn:aws:ec2:us-east-1:021770407384:security-group/sg-0549e64c88f116308",
            "description": "Managed by Terraform",
            "egress": [
              {
                "cidr_blocks": [
                  "0.0.0.0/0"
                ],
                "description": "",
                "from_port": 0,
                "ipv6_cidr_blocks": [],
                "prefix_list_ids": [],
                "protocol": "-1",
                "security_groups": [],
                "self": false,
                "to_port": 0
              }
            ],
            "id": "sg-0549e64c88f116308",
            "ingress": [
              {
                "cidr_blocks": [
                  "0.0.0.0/0"
                ],
                "description": "",
                "from_port": 5432,
                "ipv6_cidr_blocks": [],
                "prefix_list_ids": [],
                "protocol": "tcp",
                "security_groups": [],
                "self": false,
                "to_port": 5432
              }
            ],
            "name": "snyk_demo_rds_sg",
            "name_prefix": "",
            "owner_id": "021770407384",
            "revoke_rules_on_delete": false,
            "tags": {
              "Name": "snyk_demo_rds_sg"
            },
            "tags_all": {
              "Name": "snyk_demo_rds_sg"
            },
            "timeouts": null,
            "vpc_id": "vpc-0e5c7132a72c81218"
          },
          "sensitive_attributes": [],
          "private": "eyJlMmJmYjczMC1lY2FhLTExZTYtOGY4OC0zNDM2M2JjN2M0YzAiOnsiY3JlYXRlIjo2MDAwMDAwMDAwMDAsImRlbGV0ZSI6OTAwMDAwMDAwMDAwfSwic2NoZW1hX3ZlcnNpb24iOiIxIn0=",
          "dependencies": [
            "module.includes.module.vpc.aws_vpc.this",
            "module.includes.random_string.suffix"
          ]
        }
      ]
    },
    {
      "module": "module.sg",
      "mode": "managed",
      "type": "aws_security_group",
      "name": "worker_group_mgmt_one",
      "provider": "provider[\"registry.terraform.io/hashicorp/aws\"]",
      "instances": [
        {
          "schema_version": 1,
          "attributes": {
            "arn": "arn:aws:ec2:us-east-1:021770407384:security-group/sg-03e27db091c3ce3c0",
            "description": "Managed by Terraform",
            "egress": [],
            "id": "sg-03e27db091c3ce3c0",
            "ingress": [
              {
                "cidr_blocks": [
                  "10.0.0.0/8"
                ],
                "description": "",
                "from_port": 22,
                "ipv6_cidr_blocks": [],
                "prefix_list_ids": [],
                "protocol": "tcp",
                "security_groups": [],
                "self": false,
                "to_port": 22
              }
            ],
            "name": "worker_group_mgmt_one2023021617261997370000000d",
            "name_prefix": "worker_group_mgmt_one",
            "owner_id": "021770407384",
            "revoke_rules_on_delete": false,
            "tags": null,
            "tags_all": {},
            "timeouts": null,
            "vpc_id": "vpc-0e5c7132a72c81218"
          },
          "sensitive_attributes": [],
          "private": "eyJlMmJmYjczMC1lY2FhLTExZTYtOGY4OC0zNDM2M2JjN2M0YzAiOnsiY3JlYXRlIjo2MDAwMDAwMDAwMDAsImRlbGV0ZSI6OTAwMDAwMDAwMDAwfSwic2NoZW1hX3ZlcnNpb24iOiIxIn0=",
          "dependencies": [
            "module.includes.module.vpc.aws_vpc.this",
            "module.includes.random_string.suffix"
          ],
          "create_before_destroy": true
        }
      ]
    },
    {
      "module": "module.sg",
      "mode": "managed",
      "type": "aws_security_group",
      "name": "worker_group_mgmt_two",
      "provider": "provider[\"registry.terraform.io/hashicorp/aws\"]",
      "instances": [
        {
          "schema_version": 1,
          "attributes": {
            "arn": "arn:aws:ec2:us-east-1:021770407384:security-group/sg-0b1759581bac3ee6e",
            "description": "Managed by Terraform",
            "egress": [],
            "id": "sg-0b1759581bac3ee6e",
            "ingress": [
              {
                "cidr_blocks": [
                  "192.168.0.0/16"
                ],
                "description": "",
                "from_port": 22,
                "ipv6_cidr_blocks": [],
                "prefix_list_ids": [],
                "protocol": "tcp",
                "security_groups": [],
                "self": false,
                "to_port": 22
              }
            ],
            "name": "worker_group_mgmt_two2023021617261965790000000b",
            "name_prefix": "worker_group_mgmt_two",
            "owner_id": "021770407384",
            "revoke_rules_on_delete": false,
            "tags": null,
            "tags_all": {},
            "timeouts": null,
            "vpc_id": "vpc-0e5c7132a72c81218"
          },
          "sensitive_attributes": [],
          "private": "eyJlMmJmYjczMC1lY2FhLTExZTYtOGY4OC0zNDM2M2JjN2M0YzAiOnsiY3JlYXRlIjo2MDAwMDAwMDAwMDAsImRlbGV0ZSI6OTAwMDAwMDAwMDAwfSwic2NoZW1hX3ZlcnNpb24iOiIxIn0=",
          "dependencies": [
            "module.includes.module.vpc.aws_vpc.this",
            "module.includes.random_string.suffix"
          ],
          "create_before_destroy": true
        }
      ]
    },
    {
      "module": "module.storage",
      "mode": "managed",
      "type": "aws_db_subnet_group",
      "name": "snyk_rds_subnet_grp",
      "provider": "provider[\"registry.terraform.io/hashicorp/aws\"]",
      "instances": [
        {
          "schema_version": 0,
          "attributes": {
            "arn": "arn:aws:rds:us-east-1:021770407384:subgrp:snyk_rds_subnet_grp_demo",
            "description": "Managed by Terraform",
            "id": "snyk_rds_subnet_grp_demo",
            "name": "snyk_rds_subnet_grp_demo",
            "name_prefix": null,
            "subnet_ids": [
              "subnet-07d78844d6f3d1778",
              "subnet-082f33025d73784cb"
            ],
            "tags": {
              "Name": "snyk_rds_subnet_grp_snyk-demo-eks-2ec99KG6"
            },
            "tags_all": {
              "Name": "snyk_rds_subnet_grp_snyk-demo-eks-2ec99KG6"
            }
          },
          "sensitive_attributes": [],
          "private": "bnVsbA==",
          "dependencies": [
            "module.includes.module.vpc.aws_vpc.this",
            "module.includes.random_string.suffix",
            "module.subnets.aws_subnet.main",
            "module.subnets.aws_subnet.secondary"
          ]
        }
      ]
    },
    {
      "module": "module.storage",
      "mode": "managed",
      "type": "aws_kms_key",
      "name": "snyk_db_kms_key",
      "provider": "provider[\"registry.terraform.io/hashicorp/aws\"]",
      "instances": [
        {
          "schema_version": 0,
          "attributes": {
            "arn": "arn:aws:kms:us-east-1:021770407384:key/015de23e-90ec-40ca-942f-b1d39ff83d53",
            "bypass_policy_lockout_safety_check": false,
            "customer_master_key_spec": "SYMMETRIC_DEFAULT",
            "deletion_window_in_days": 10,
            "description": "KMS Key for DB instance snyk-demo-eks-2ec99KG6",
            "enable_key_rotation": true,
            "id": "015de23e-90ec-40ca-942f-b1d39ff83d53",
            "is_enabled": true,
            "key_id": "015de23e-90ec-40ca-942f-b1d39ff83d53",
            "key_usage": "ENCRYPT_DECRYPT",
            "multi_region": false,
            "policy": "{\"Id\":\"key-default-1\",\"Statement\":[{\"Action\":\"kms:*\",\"Effect\":\"Allow\",\"Principal\":{\"AWS\":\"arn:aws:iam::021770407384:root\"},\"Resource\":\"*\",\"Sid\":\"Enable IAM User Permissions\"}],\"Version\":\"2012-10-17\"}",
            "tags": {
              "Name": "snyk_db_kms_key_snyk-demo-eks-2ec99KG6"
            },
            "tags_all": {
              "Name": "snyk_db_kms_key_snyk-demo-eks-2ec99KG6"
            }
          },
          "sensitive_attributes": [],
          "private": "bnVsbA==",
          "dependencies": [
            "module.includes.random_string.suffix"
          ]
        }
      ]
    },
    {
      "module": "module.storage",
      "mode": "managed",
      "type": "aws_s3_bucket_public_access_block",
      "name": "snyk_private",
      "provider": "provider[\"registry.terraform.io/hashicorp/aws\"]",
      "instances": []
    },
    {
      "module": "module.storage",
      "mode": "managed",
      "type": "aws_s3_bucket_public_access_block",
      "name": "snyk_public",
      "provider": "provider[\"registry.terraform.io/hashicorp/aws\"]",
      "instances": []
    },
    {
      "module": "module.storage",
      "mode": "managed",
      "type": "aws_ssm_parameter",
      "name": "snyk_ssm_db_host",
      "provider": "provider[\"registry.terraform.io/hashicorp/aws\"]",
      "instances": []
    },
    {
      "module": "module.storage",
      "mode": "managed",
      "type": "aws_ssm_parameter",
      "name": "snyk_ssm_db_name",
      "provider": "provider[\"registry.terraform.io/hashicorp/aws\"]",
      "instances": []
    },
    {
      "module": "module.storage",
      "mode": "managed",
      "type": "aws_ssm_parameter",
      "name": "snyk_ssm_db_password",
      "provider": "provider[\"registry.terraform.io/hashicorp/aws\"]",
      "instances": []
    },
    {
      "module": "module.storage",
      "mode": "managed",
      "type": "aws_ssm_parameter",
      "name": "snyk_ssm_db_user",
      "provider": "provider[\"registry.terraform.io/hashicorp/aws\"]",
      "instances": []
    },
    {
      "module": "module.subnets",
      "mode": "managed",
      "type": "aws_subnet",
      "name": "main",
      "provider": "provider[\"registry.terraform.io/hashicorp/aws\"]",
      "instances": [
        {
          "schema_version": 1,
          "attributes": {
            "arn": "arn:aws:ec2:us-east-1:021770407384:subnet/subnet-07d78844d6f3d1778",
            "assign_ipv6_address_on_creation": false,
            "availability_zone": "us-east-1a",
            "availability_zone_id": "use1-az6",
            "cidr_block": "10.0.0.0/24",
            "customer_owned_ipv4_pool": "",
            "enable_dns64": false,
            "enable_resource_name_dns_a_record_on_launch": false,
            "enable_resource_name_dns_aaaa_record_on_launch": false,
            "id": "subnet-07d78844d6f3d1778",
            "ipv6_cidr_block": "",
            "ipv6_cidr_block_association_id": "",
            "ipv6_native": false,
            "map_customer_owned_ip_on_launch": false,
            "map_public_ip_on_launch": false,
            "outpost_arn": "",
            "owner_id": "021770407384",
            "private_dns_hostname_type_on_launch": "ip-name",
            "tags": {
              "Name": "Main"
            },
            "tags_all": {
              "Name": "Main"
            },
            "timeouts": null,
            "vpc_id": "vpc-0e5c7132a72c81218"
          },
          "sensitive_attributes": [],
          "private": "eyJlMmJmYjczMC1lY2FhLTExZTYtOGY4OC0zNDM2M2JjN2M0YzAiOnsiY3JlYXRlIjo2MDAwMDAwMDAwMDAsImRlbGV0ZSI6MTIwMDAwMDAwMDAwMH0sInNjaGVtYV92ZXJzaW9uIjoiMSJ9",
          "dependencies": [
            "module.includes.module.vpc.aws_vpc.this",
            "module.includes.random_string.suffix"
          ]
        }
      ]
    },
    {
      "module": "module.subnets",
      "mode": "managed",
      "type": "aws_subnet",
      "name": "secondary",
      "provider": "provider[\"registry.terraform.io/hashicorp/aws\"]",
      "instances": [
        {
          "schema_version": 1,
          "attributes": {
            "arn": "arn:aws:ec2:us-east-1:021770407384:subnet/subnet-082f33025d73784cb",
            "assign_ipv6_address_on_creation": false,
            "availability_zone": "us-east-1c",
            "availability_zone_id": "use1-az2",
            "cidr_block": "10.0.64.0/19",
            "customer_owned_ipv4_pool": "",
            "enable_dns64": false,
            "enable_resource_name_dns_a_record_on_launch": false,
            "enable_resource_name_dns_aaaa_record_on_launch": false,
            "id": "subnet-082f33025d73784cb",
            "ipv6_cidr_block": "",
            "ipv6_cidr_block_association_id": "",
            "ipv6_native": false,
            "map_customer_owned_ip_on_launch": false,
            "map_public_ip_on_launch": false,
            "outpost_arn": "",
            "owner_id": "021770407384",
            "private_dns_hostname_type_on_launch": "ip-name",
            "tags": {
              "Name": "Main"
            },
            "tags_all": {
              "Name": "Main"
            },
            "timeouts": null,
            "vpc_id": "vpc-0e5c7132a72c81218"
          },
          "sensitive_attributes": [],
          "private": "eyJlMmJmYjczMC1lY2FhLTExZTYtOGY4OC0zNDM2M2JjN2M0YzAiOnsiY3JlYXRlIjo2MDAwMDAwMDAwMDAsImRlbGV0ZSI6MTIwMDAwMDAwMDAwMH0sInNjaGVtYV92ZXJzaW9uIjoiMSJ9",
          "dependencies": [
            "module.includes.module.vpc.aws_vpc.this",
            "module.includes.random_string.suffix"
          ]
        }
      ]
    }
  ]
}
